// !$*UTF8*$!
{
	archiveVersion = 1;
	classes = {
	};
	objectVersion = 56;
	objects = {

/* Begin PBXBuildFile section */
		0D71CFAF29D324C300E91563 /* eye_chatApp.swift in Sources */ = {isa = PBXBuildFile; fileRef = 0D71CFAE29D324C300E91563 /* eye_chatApp.swift */; };
		0D71CFB129D324C300E91563 /* ContentView.swift in Sources */ = {isa = PBXBuildFile; fileRef = 0D71CFB029D324C300E91563 /* ContentView.swift */; };
		0D71CFB329D324C400E91563 /* Assets.xcassets in Resources */ = {isa = PBXBuildFile; fileRef = 0D71CFB229D324C400E91563 /* Assets.xcassets */; };
		0D71CFB629D324C400E91563 /* Preview Assets.xcassets in Resources */ = {isa = PBXBuildFile; fileRef = 0D71CFB529D324C400E91563 /* Preview Assets.xcassets */; };
		0D71CFB829D324C400E91563 /* Persistence.swift in Sources */ = {isa = PBXBuildFile; fileRef = 0D71CFB729D324C400E91563 /* Persistence.swift */; };
		0D71CFBB29D324C400E91563 /* eye_chat.xcdatamodeld in Sources */ = {isa = PBXBuildFile; fileRef = 0D71CFB929D324C400E91563 /* eye_chat.xcdatamodeld */; };
		0D71CFC529D324C400E91563 /* eye_chatTests.swift in Sources */ = {isa = PBXBuildFile; fileRef = 0D71CFC429D324C400E91563 /* eye_chatTests.swift */; };
		0D71CFCF29D324C400E91563 /* eye_chatUITests.swift in Sources */ = {isa = PBXBuildFile; fileRef = 0D71CFCE29D324C400E91563 /* eye_chatUITests.swift */; };
		0D71CFD129D324C400E91563 /* eye_chatUITestsLaunchTests.swift in Sources */ = {isa = PBXBuildFile; fileRef = 0D71CFD029D324C400E91563 /* eye_chatUITestsLaunchTests.swift */; };
		0D71CFEB29D3291400E91563 /* ImageAsset.swift in Sources */ = {isa = PBXBuildFile; fileRef = 0D71CFEA29D3291400E91563 /* ImageAsset.swift */; };
		0D71CFED29D3294E00E91563 /* ColorAsset.swift in Sources */ = {isa = PBXBuildFile; fileRef = 0D71CFEC29D3294E00E91563 /* ColorAsset.swift */; };
		0D71CFEF29D3296D00E91563 /* ContentComponent.swift in Sources */ = {isa = PBXBuildFile; fileRef = 0D71CFEE29D3296D00E91563 /* ContentComponent.swift */; };
		0D71CFF229D329EA00E91563 /* AuthManager.swift in Sources */ = {isa = PBXBuildFile; fileRef = 0D71CFF129D329EA00E91563 /* AuthManager.swift */; };
		0D71D00A29D32C0700E91563 /* User.swift in Sources */ = {isa = PBXBuildFile; fileRef = 0D71D00929D32C0700E91563 /* User.swift */; };
		0D71D00C29D32C4500E91563 /* EmojiStyle.swift in Sources */ = {isa = PBXBuildFile; fileRef = 0D71D00B29D32C4500E91563 /* EmojiStyle.swift */; };
		0D71D00F29D32CD900E91563 /* Int+Su.swift in Sources */ = {isa = PBXBuildFile; fileRef = 0D71D00E29D32CD900E91563 /* Int+Su.swift */; };
		0D71D01129D32CF700E91563 /* Double+Su.swift in Sources */ = {isa = PBXBuildFile; fileRef = 0D71D01029D32CF700E91563 /* Double+Su.swift */; };
		0D71D01829D3337500E91563 /* RouteScreen.swift in Sources */ = {isa = PBXBuildFile; fileRef = 0D71D01729D3337500E91563 /* RouteScreen.swift */; };
		0D71D01C29D335AB00E91563 /* FirstView.swift in Sources */ = {isa = PBXBuildFile; fileRef = 0D71D01B29D335AB00E91563 /* FirstView.swift */; };
		0DCB1B7029DE60E7005444B7 /* RTCStates.swift in Sources */ = {isa = PBXBuildFile; fileRef = 0DCB1B6729DE60E6005444B7 /* RTCStates.swift */; };
		0DCB1B7129DE60E7005444B7 /* SessionDescription.swift in Sources */ = {isa = PBXBuildFile; fileRef = 0DCB1B6829DE60E6005444B7 /* SessionDescription.swift */; };
		0DCB1B7229DE60E7005444B7 /* SignalingClient.swift in Sources */ = {isa = PBXBuildFile; fileRef = 0DCB1B6929DE60E6005444B7 /* SignalingClient.swift */; };
		0DCB1B7329DE60E7005444B7 /* NativeWebSocket.swift in Sources */ = {isa = PBXBuildFile; fileRef = 0DCB1B6A29DE60E7005444B7 /* NativeWebSocket.swift */; };
		0DCB1B7429DE60E7005444B7 /* IceCandidate.swift in Sources */ = {isa = PBXBuildFile; fileRef = 0DCB1B6B29DE60E7005444B7 /* IceCandidate.swift */; };
		0DCB1B7529DE60E7005444B7 /* VideoConfig.swift in Sources */ = {isa = PBXBuildFile; fileRef = 0DCB1B6C29DE60E7005444B7 /* VideoConfig.swift */; };
		0DCB1B7629DE60E7005444B7 /* WebSocketProvider.swift in Sources */ = {isa = PBXBuildFile; fileRef = 0DCB1B6D29DE60E7005444B7 /* WebSocketProvider.swift */; };
		0DCB1B7729DE60E7005444B7 /* WebRTCClient.swift in Sources */ = {isa = PBXBuildFile; fileRef = 0DCB1B6E29DE60E7005444B7 /* WebRTCClient.swift */; };
		0DCB1B7829DE60E7005444B7 /* Message.swift in Sources */ = {isa = PBXBuildFile; fileRef = 0DCB1B6F29DE60E7005444B7 /* Message.swift */; };
		0DCB1B7A29DE61C4005444B7 /* ViewController.swift in Sources */ = {isa = PBXBuildFile; fileRef = 0DCB1B7929DE61C4005444B7 /* ViewController.swift */; };
		0DCB1B7C29DE61FA005444B7 /* VideoController.swift in Sources */ = {isa = PBXBuildFile; fileRef = 0DCB1B7B29DE61FA005444B7 /* VideoController.swift */; };
		0DCB1B7E29DE7952005444B7 /* VideoStreamViewController.swift in Sources */ = {isa = PBXBuildFile; fileRef = 0DCB1B7D29DE7952005444B7 /* VideoStreamViewController.swift */; };
		0DCB1B8029DE7A2D005444B7 /* VideoStream.swift in Sources */ = {isa = PBXBuildFile; fileRef = 0DCB1B7F29DE7A2D005444B7 /* VideoStream.swift */; };
		0DCB1B8429E05A5E005444B7 /* SignalingClient+WebSocketProviderDelegate.swift in Sources */ = {isa = PBXBuildFile; fileRef = 0DCB1B8329E05A5E005444B7 /* SignalingClient+WebSocketProviderDelegate.swift */; };
		0DCB1B8629E05EDC005444B7 /* WebRTCClient+Video.swift in Sources */ = {isa = PBXBuildFile; fileRef = 0DCB1B8529E05EDC005444B7 /* WebRTCClient+Video.swift */; };
		0DCB1B8829E0669A005444B7 /* WebRTCClient+Audio.swift in Sources */ = {isa = PBXBuildFile; fileRef = 0DCB1B8729E0669A005444B7 /* WebRTCClient+Audio.swift */; };
		0DCB1B8A29E066DA005444B7 /* WebRTCClient+TrackEnable.swift in Sources */ = {isa = PBXBuildFile; fileRef = 0DCB1B8929E066DA005444B7 /* WebRTCClient+TrackEnable.swift */; };
		0DCB1B8D29E0672E005444B7 /* WebRTCClient+RTCPeerConnectionDelegate.swift in Sources */ = {isa = PBXBuildFile; fileRef = 0DCB1B8C29E0672E005444B7 /* WebRTCClient+RTCPeerConnectionDelegate.swift */; };
		0DCB1B8F29E0679B005444B7 /* WebRTCClient+RTCDataChannelDelegate.swift in Sources */ = {isa = PBXBuildFile; fileRef = 0DCB1B8E29E0679B005444B7 /* WebRTCClient+RTCDataChannelDelegate.swift */; };
		0DCB1B9129E067E5005444B7 /* WebRTCClientDelegate.swift in Sources */ = {isa = PBXBuildFile; fileRef = 0DCB1B9029E067E5005444B7 /* WebRTCClientDelegate.swift */; };
		1B187E09E3BC5EBCF2303BDE /* Pods_eye_chatTests.framework in Frameworks */ = {isa = PBXBuildFile; fileRef = 36A8369F51BC84B970BDD733 /* Pods_eye_chatTests.framework */; };
		41B377CC5A150BEACE0FD117 /* Pods_eye_chat_eye_chatUITests.framework in Frameworks */ = {isa = PBXBuildFile; fileRef = 3503120924F3C0505FFCAC80 /* Pods_eye_chat_eye_chatUITests.framework */; };
		48E91FC37F0AE9C9207B589A /* Pods_eye_chat.framework in Frameworks */ = {isa = PBXBuildFile; fileRef = B8AEE7820E96B669ADD1BA45 /* Pods_eye_chat.framework */; };
		C046A47729D624030006B7D8 /* CameraStyle.swift in Sources */ = {isa = PBXBuildFile; fileRef = C046A47629D624030006B7D8 /* CameraStyle.swift */; };
		C046A47929D624870006B7D8 /* KeycapStyle.swift in Sources */ = {isa = PBXBuildFile; fileRef = C046A47829D624870006B7D8 /* KeycapStyle.swift */; };
		C046A47B29D624AF0006B7D8 /* ChatStyle.swift in Sources */ = {isa = PBXBuildFile; fileRef = C046A47A29D624AF0006B7D8 /* ChatStyle.swift */; };
		C046A47D29D624E80006B7D8 /* ButtonStyle.swift in Sources */ = {isa = PBXBuildFile; fileRef = C046A47C29D624E80006B7D8 /* ButtonStyle.swift */; };
		C09CDA7E29D36BFB006C60BB /* EyeButtonComponent.swift in Sources */ = {isa = PBXBuildFile; fileRef = C09CDA7D29D36BFB006C60BB /* EyeButtonComponent.swift */; };
		C09CDA8029D476AD006C60BB /* CameraDisplayComponent.swift in Sources */ = {isa = PBXBuildFile; fileRef = C09CDA7F29D476AD006C60BB /* CameraDisplayComponent.swift */; };
		C09CDA8229D4AE00006C60BB /* ReactionsComponent.swift in Sources */ = {isa = PBXBuildFile; fileRef = C09CDA8129D4AE00006C60BB /* ReactionsComponent.swift */; };
		C09CDA8629D4C4C5006C60BB /* KeyboardReactionsComponent.swift in Sources */ = {isa = PBXBuildFile; fileRef = C09CDA8529D4C4C5006C60BB /* KeyboardReactionsComponent.swift */; };
		C09CDA9229D5BA05006C60BB /* HomeView.swift in Sources */ = {isa = PBXBuildFile; fileRef = C09CDA8F29D5BA05006C60BB /* HomeView.swift */; };
		C09CDA9329D5BA05006C60BB /* HomeViewModel.swift in Sources */ = {isa = PBXBuildFile; fileRef = C09CDA9029D5BA05006C60BB /* HomeViewModel.swift */; };
		C09CDA9429D5BA05006C60BB /* Home.swift in Sources */ = {isa = PBXBuildFile; fileRef = C09CDA9129D5BA05006C60BB /* Home.swift */; };
		C09CDA9629D5C7D2006C60BB /* FullKeyboardComponent.swift in Sources */ = {isa = PBXBuildFile; fileRef = C09CDA9529D5C7D2006C60BB /* FullKeyboardComponent.swift */; };
		C09CDA9829D5C828006C60BB /* KeycapsComponent.swift in Sources */ = {isa = PBXBuildFile; fileRef = C09CDA9729D5C828006C60BB /* KeycapsComponent.swift */; };
		C09CDA9A29D5CECE006C60BB /* DeleteKeycapComponent.swift in Sources */ = {isa = PBXBuildFile; fileRef = C09CDA9929D5CECE006C60BB /* DeleteKeycapComponent.swift */; };
		C09CDA9C29D5CEDC006C60BB /* SpaceKeycapComponent.swift in Sources */ = {isa = PBXBuildFile; fileRef = C09CDA9B29D5CEDC006C60BB /* SpaceKeycapComponent.swift */; };
		C09CDA9E29D5CF11006C60BB /* CreateRoomComponent.swift in Sources */ = {isa = PBXBuildFile; fileRef = C09CDA9D29D5CF11006C60BB /* CreateRoomComponent.swift */; };
		C09CDAA029D5FD8A006C60BB /* PartialKeyboard.swift in Sources */ = {isa = PBXBuildFile; fileRef = C09CDA9F29D5FD8A006C60BB /* PartialKeyboard.swift */; };
		C09CDAA229D6064C006C60BB /* ArrowComponent.swift in Sources */ = {isa = PBXBuildFile; fileRef = C09CDAA129D6064C006C60BB /* ArrowComponent.swift */; };
		C09CDAA629D608A0006C60BB /* PrintKeycapComponent.swift in Sources */ = {isa = PBXBuildFile; fileRef = C09CDAA529D608A0006C60BB /* PrintKeycapComponent.swift */; };
		C0B79AB929D74E4C002B3210 /* CreateRoomView.swift in Sources */ = {isa = PBXBuildFile; fileRef = C0B79AB629D74E4C002B3210 /* CreateRoomView.swift */; };
		C0B79ABA29D74E4C002B3210 /* CreateRoomViewModel.swift in Sources */ = {isa = PBXBuildFile; fileRef = C0B79AB729D74E4C002B3210 /* CreateRoomViewModel.swift */; };
		C0B79ABB29D74E4C002B3210 /* CreateRoom.swift in Sources */ = {isa = PBXBuildFile; fileRef = C0B79AB829D74E4C002B3210 /* CreateRoom.swift */; };
/* End PBXBuildFile section */

/* Begin PBXContainerItemProxy section */
		0D71CFC129D324C400E91563 /* PBXContainerItemProxy */ = {
			isa = PBXContainerItemProxy;
			containerPortal = 0D71CFA329D324C300E91563 /* Project object */;
			proxyType = 1;
			remoteGlobalIDString = 0D71CFAA29D324C300E91563;
			remoteInfo = "eye-chat";
		};
		0D71CFCB29D324C400E91563 /* PBXContainerItemProxy */ = {
			isa = PBXContainerItemProxy;
			containerPortal = 0D71CFA329D324C300E91563 /* Project object */;
			proxyType = 1;
			remoteGlobalIDString = 0D71CFAA29D324C300E91563;
			remoteInfo = "eye-chat";
		};
/* End PBXContainerItemProxy section */

/* Begin PBXFileReference section */
		0D71CFAB29D324C300E91563 /* eye-chat.app */ = {isa = PBXFileReference; explicitFileType = wrapper.application; includeInIndex = 0; path = "eye-chat.app"; sourceTree = BUILT_PRODUCTS_DIR; };
		0D71CFAE29D324C300E91563 /* eye_chatApp.swift */ = {isa = PBXFileReference; lastKnownFileType = sourcecode.swift; path = eye_chatApp.swift; sourceTree = "<group>"; };
		0D71CFB029D324C300E91563 /* ContentView.swift */ = {isa = PBXFileReference; lastKnownFileType = sourcecode.swift; path = ContentView.swift; sourceTree = "<group>"; };
		0D71CFB229D324C400E91563 /* Assets.xcassets */ = {isa = PBXFileReference; lastKnownFileType = folder.assetcatalog; path = Assets.xcassets; sourceTree = "<group>"; };
		0D71CFB529D324C400E91563 /* Preview Assets.xcassets */ = {isa = PBXFileReference; lastKnownFileType = folder.assetcatalog; path = "Preview Assets.xcassets"; sourceTree = "<group>"; };
		0D71CFB729D324C400E91563 /* Persistence.swift */ = {isa = PBXFileReference; lastKnownFileType = sourcecode.swift; path = Persistence.swift; sourceTree = "<group>"; };
		0D71CFBA29D324C400E91563 /* eye_chat.xcdatamodel */ = {isa = PBXFileReference; lastKnownFileType = wrapper.xcdatamodel; path = eye_chat.xcdatamodel; sourceTree = "<group>"; };
		0D71CFC029D324C400E91563 /* eye-chatTests.xctest */ = {isa = PBXFileReference; explicitFileType = wrapper.cfbundle; includeInIndex = 0; path = "eye-chatTests.xctest"; sourceTree = BUILT_PRODUCTS_DIR; };
		0D71CFC429D324C400E91563 /* eye_chatTests.swift */ = {isa = PBXFileReference; lastKnownFileType = sourcecode.swift; path = eye_chatTests.swift; sourceTree = "<group>"; };
		0D71CFCA29D324C400E91563 /* eye-chatUITests.xctest */ = {isa = PBXFileReference; explicitFileType = wrapper.cfbundle; includeInIndex = 0; path = "eye-chatUITests.xctest"; sourceTree = BUILT_PRODUCTS_DIR; };
		0D71CFCE29D324C400E91563 /* eye_chatUITests.swift */ = {isa = PBXFileReference; lastKnownFileType = sourcecode.swift; path = eye_chatUITests.swift; sourceTree = "<group>"; };
		0D71CFD029D324C400E91563 /* eye_chatUITestsLaunchTests.swift */ = {isa = PBXFileReference; lastKnownFileType = sourcecode.swift; path = eye_chatUITestsLaunchTests.swift; sourceTree = "<group>"; };
		0D71CFEA29D3291400E91563 /* ImageAsset.swift */ = {isa = PBXFileReference; lastKnownFileType = sourcecode.swift; path = ImageAsset.swift; sourceTree = "<group>"; };
		0D71CFEC29D3294E00E91563 /* ColorAsset.swift */ = {isa = PBXFileReference; lastKnownFileType = sourcecode.swift; path = ColorAsset.swift; sourceTree = "<group>"; };
		0D71CFEE29D3296D00E91563 /* ContentComponent.swift */ = {isa = PBXFileReference; lastKnownFileType = sourcecode.swift; path = ContentComponent.swift; sourceTree = "<group>"; };
		0D71CFF129D329EA00E91563 /* AuthManager.swift */ = {isa = PBXFileReference; lastKnownFileType = sourcecode.swift; path = AuthManager.swift; sourceTree = "<group>"; };
		0D71D00929D32C0700E91563 /* User.swift */ = {isa = PBXFileReference; lastKnownFileType = sourcecode.swift; path = User.swift; sourceTree = "<group>"; };
		0D71D00B29D32C4500E91563 /* EmojiStyle.swift */ = {isa = PBXFileReference; lastKnownFileType = sourcecode.swift; path = EmojiStyle.swift; sourceTree = "<group>"; };
		0D71D00E29D32CD900E91563 /* Int+Su.swift */ = {isa = PBXFileReference; lastKnownFileType = sourcecode.swift; path = "Int+Su.swift"; sourceTree = "<group>"; };
		0D71D01029D32CF700E91563 /* Double+Su.swift */ = {isa = PBXFileReference; lastKnownFileType = sourcecode.swift; path = "Double+Su.swift"; sourceTree = "<group>"; };
		0D71D01729D3337500E91563 /* RouteScreen.swift */ = {isa = PBXFileReference; lastKnownFileType = sourcecode.swift; path = RouteScreen.swift; sourceTree = "<group>"; };
		0D71D01B29D335AB00E91563 /* FirstView.swift */ = {isa = PBXFileReference; lastKnownFileType = sourcecode.swift; path = FirstView.swift; sourceTree = "<group>"; };
		0DCB1B6729DE60E6005444B7 /* RTCStates.swift */ = {isa = PBXFileReference; fileEncoding = 4; lastKnownFileType = sourcecode.swift; path = RTCStates.swift; sourceTree = "<group>"; };
		0DCB1B6829DE60E6005444B7 /* SessionDescription.swift */ = {isa = PBXFileReference; fileEncoding = 4; lastKnownFileType = sourcecode.swift; path = SessionDescription.swift; sourceTree = "<group>"; };
		0DCB1B6929DE60E6005444B7 /* SignalingClient.swift */ = {isa = PBXFileReference; fileEncoding = 4; lastKnownFileType = sourcecode.swift; path = SignalingClient.swift; sourceTree = "<group>"; };
		0DCB1B6A29DE60E7005444B7 /* NativeWebSocket.swift */ = {isa = PBXFileReference; fileEncoding = 4; lastKnownFileType = sourcecode.swift; path = NativeWebSocket.swift; sourceTree = "<group>"; };
		0DCB1B6B29DE60E7005444B7 /* IceCandidate.swift */ = {isa = PBXFileReference; fileEncoding = 4; lastKnownFileType = sourcecode.swift; path = IceCandidate.swift; sourceTree = "<group>"; };
		0DCB1B6C29DE60E7005444B7 /* VideoConfig.swift */ = {isa = PBXFileReference; fileEncoding = 4; lastKnownFileType = sourcecode.swift; path = VideoConfig.swift; sourceTree = "<group>"; };
		0DCB1B6D29DE60E7005444B7 /* WebSocketProvider.swift */ = {isa = PBXFileReference; fileEncoding = 4; lastKnownFileType = sourcecode.swift; path = WebSocketProvider.swift; sourceTree = "<group>"; };
		0DCB1B6E29DE60E7005444B7 /* WebRTCClient.swift */ = {isa = PBXFileReference; fileEncoding = 4; lastKnownFileType = sourcecode.swift; path = WebRTCClient.swift; sourceTree = "<group>"; };
		0DCB1B6F29DE60E7005444B7 /* Message.swift */ = {isa = PBXFileReference; fileEncoding = 4; lastKnownFileType = sourcecode.swift; path = Message.swift; sourceTree = "<group>"; };
		0DCB1B7929DE61C4005444B7 /* ViewController.swift */ = {isa = PBXFileReference; fileEncoding = 4; lastKnownFileType = sourcecode.swift; path = ViewController.swift; sourceTree = "<group>"; };
		0DCB1B7B29DE61FA005444B7 /* VideoController.swift */ = {isa = PBXFileReference; lastKnownFileType = sourcecode.swift; path = VideoController.swift; sourceTree = "<group>"; };
		0DCB1B7D29DE7952005444B7 /* VideoStreamViewController.swift */ = {isa = PBXFileReference; lastKnownFileType = sourcecode.swift; path = VideoStreamViewController.swift; sourceTree = "<group>"; };
		0DCB1B7F29DE7A2D005444B7 /* VideoStream.swift */ = {isa = PBXFileReference; lastKnownFileType = sourcecode.swift; path = VideoStream.swift; sourceTree = "<group>"; };
		0DCB1B8329E05A5E005444B7 /* SignalingClient+WebSocketProviderDelegate.swift */ = {isa = PBXFileReference; lastKnownFileType = sourcecode.swift; path = "SignalingClient+WebSocketProviderDelegate.swift"; sourceTree = "<group>"; };
		0DCB1B8529E05EDC005444B7 /* WebRTCClient+Video.swift */ = {isa = PBXFileReference; lastKnownFileType = sourcecode.swift; path = "WebRTCClient+Video.swift"; sourceTree = "<group>"; };
		0DCB1B8729E0669A005444B7 /* WebRTCClient+Audio.swift */ = {isa = PBXFileReference; lastKnownFileType = sourcecode.swift; path = "WebRTCClient+Audio.swift"; sourceTree = "<group>"; };
		0DCB1B8929E066DA005444B7 /* WebRTCClient+TrackEnable.swift */ = {isa = PBXFileReference; lastKnownFileType = sourcecode.swift; path = "WebRTCClient+TrackEnable.swift"; sourceTree = "<group>"; };
		0DCB1B8C29E0672E005444B7 /* WebRTCClient+RTCPeerConnectionDelegate.swift */ = {isa = PBXFileReference; lastKnownFileType = sourcecode.swift; path = "WebRTCClient+RTCPeerConnectionDelegate.swift"; sourceTree = "<group>"; };
		0DCB1B8E29E0679B005444B7 /* WebRTCClient+RTCDataChannelDelegate.swift */ = {isa = PBXFileReference; lastKnownFileType = sourcecode.swift; path = "WebRTCClient+RTCDataChannelDelegate.swift"; sourceTree = "<group>"; };
		0DCB1B9029E067E5005444B7 /* WebRTCClientDelegate.swift */ = {isa = PBXFileReference; lastKnownFileType = sourcecode.swift; path = WebRTCClientDelegate.swift; sourceTree = "<group>"; };
		3503120924F3C0505FFCAC80 /* Pods_eye_chat_eye_chatUITests.framework */ = {isa = PBXFileReference; explicitFileType = wrapper.framework; includeInIndex = 0; path = Pods_eye_chat_eye_chatUITests.framework; sourceTree = BUILT_PRODUCTS_DIR; };
		36A8369F51BC84B970BDD733 /* Pods_eye_chatTests.framework */ = {isa = PBXFileReference; explicitFileType = wrapper.framework; includeInIndex = 0; path = Pods_eye_chatTests.framework; sourceTree = BUILT_PRODUCTS_DIR; };
		7BED4F0CF09E7749C96F40C3 /* Pods-eye-chat-eye-chatUITests.debug.xcconfig */ = {isa = PBXFileReference; includeInIndex = 1; lastKnownFileType = text.xcconfig; name = "Pods-eye-chat-eye-chatUITests.debug.xcconfig"; path = "Target Support Files/Pods-eye-chat-eye-chatUITests/Pods-eye-chat-eye-chatUITests.debug.xcconfig"; sourceTree = "<group>"; };
		8915FFB6CFCDAA623C836477 /* Pods-eye-chatTests.debug.xcconfig */ = {isa = PBXFileReference; includeInIndex = 1; lastKnownFileType = text.xcconfig; name = "Pods-eye-chatTests.debug.xcconfig"; path = "Target Support Files/Pods-eye-chatTests/Pods-eye-chatTests.debug.xcconfig"; sourceTree = "<group>"; };
		8B218F479A25754C9098D3C4 /* Pods-eye-chat.debug.xcconfig */ = {isa = PBXFileReference; includeInIndex = 1; lastKnownFileType = text.xcconfig; name = "Pods-eye-chat.debug.xcconfig"; path = "Target Support Files/Pods-eye-chat/Pods-eye-chat.debug.xcconfig"; sourceTree = "<group>"; };
		B8AEE7820E96B669ADD1BA45 /* Pods_eye_chat.framework */ = {isa = PBXFileReference; explicitFileType = wrapper.framework; includeInIndex = 0; path = Pods_eye_chat.framework; sourceTree = BUILT_PRODUCTS_DIR; };
		BBF5F7159C57C6736D96276A /* Pods-eye-chat-eye-chatUITests.release.xcconfig */ = {isa = PBXFileReference; includeInIndex = 1; lastKnownFileType = text.xcconfig; name = "Pods-eye-chat-eye-chatUITests.release.xcconfig"; path = "Target Support Files/Pods-eye-chat-eye-chatUITests/Pods-eye-chat-eye-chatUITests.release.xcconfig"; sourceTree = "<group>"; };
		C041B746A3E40E788A5B4CD2 /* Pods-eye-chat.release.xcconfig */ = {isa = PBXFileReference; includeInIndex = 1; lastKnownFileType = text.xcconfig; name = "Pods-eye-chat.release.xcconfig"; path = "Target Support Files/Pods-eye-chat/Pods-eye-chat.release.xcconfig"; sourceTree = "<group>"; };
		C046A47629D624030006B7D8 /* CameraStyle.swift */ = {isa = PBXFileReference; lastKnownFileType = sourcecode.swift; path = CameraStyle.swift; sourceTree = "<group>"; };
		C046A47829D624870006B7D8 /* KeycapStyle.swift */ = {isa = PBXFileReference; lastKnownFileType = sourcecode.swift; path = KeycapStyle.swift; sourceTree = "<group>"; };
		C046A47A29D624AF0006B7D8 /* ChatStyle.swift */ = {isa = PBXFileReference; lastKnownFileType = sourcecode.swift; path = ChatStyle.swift; sourceTree = "<group>"; };
		C046A47C29D624E80006B7D8 /* ButtonStyle.swift */ = {isa = PBXFileReference; lastKnownFileType = sourcecode.swift; path = ButtonStyle.swift; sourceTree = "<group>"; };
		C09CDA7D29D36BFB006C60BB /* EyeButtonComponent.swift */ = {isa = PBXFileReference; lastKnownFileType = sourcecode.swift; path = EyeButtonComponent.swift; sourceTree = "<group>"; };
		C09CDA7F29D476AD006C60BB /* CameraDisplayComponent.swift */ = {isa = PBXFileReference; lastKnownFileType = sourcecode.swift; path = CameraDisplayComponent.swift; sourceTree = "<group>"; };
		C09CDA8129D4AE00006C60BB /* ReactionsComponent.swift */ = {isa = PBXFileReference; lastKnownFileType = sourcecode.swift; path = ReactionsComponent.swift; sourceTree = "<group>"; };
		C09CDA8529D4C4C5006C60BB /* KeyboardReactionsComponent.swift */ = {isa = PBXFileReference; lastKnownFileType = sourcecode.swift; path = KeyboardReactionsComponent.swift; sourceTree = "<group>"; };
		C09CDA8F29D5BA05006C60BB /* HomeView.swift */ = {isa = PBXFileReference; lastKnownFileType = sourcecode.swift; path = HomeView.swift; sourceTree = "<group>"; };
		C09CDA9029D5BA05006C60BB /* HomeViewModel.swift */ = {isa = PBXFileReference; lastKnownFileType = sourcecode.swift; path = HomeViewModel.swift; sourceTree = "<group>"; };
		C09CDA9129D5BA05006C60BB /* Home.swift */ = {isa = PBXFileReference; lastKnownFileType = sourcecode.swift; path = Home.swift; sourceTree = "<group>"; };
		C09CDA9529D5C7D2006C60BB /* FullKeyboardComponent.swift */ = {isa = PBXFileReference; lastKnownFileType = sourcecode.swift; path = FullKeyboardComponent.swift; sourceTree = "<group>"; };
		C09CDA9729D5C828006C60BB /* KeycapsComponent.swift */ = {isa = PBXFileReference; lastKnownFileType = sourcecode.swift; path = KeycapsComponent.swift; sourceTree = "<group>"; };
		C09CDA9929D5CECE006C60BB /* DeleteKeycapComponent.swift */ = {isa = PBXFileReference; lastKnownFileType = sourcecode.swift; path = DeleteKeycapComponent.swift; sourceTree = "<group>"; };
		C09CDA9B29D5CEDC006C60BB /* SpaceKeycapComponent.swift */ = {isa = PBXFileReference; lastKnownFileType = sourcecode.swift; path = SpaceKeycapComponent.swift; sourceTree = "<group>"; };
		C09CDA9D29D5CF11006C60BB /* CreateRoomComponent.swift */ = {isa = PBXFileReference; lastKnownFileType = sourcecode.swift; path = CreateRoomComponent.swift; sourceTree = "<group>"; };
		C09CDA9F29D5FD8A006C60BB /* PartialKeyboard.swift */ = {isa = PBXFileReference; lastKnownFileType = sourcecode.swift; path = PartialKeyboard.swift; sourceTree = "<group>"; };
		C09CDAA129D6064C006C60BB /* ArrowComponent.swift */ = {isa = PBXFileReference; lastKnownFileType = sourcecode.swift; path = ArrowComponent.swift; sourceTree = "<group>"; };
		C09CDAA529D608A0006C60BB /* PrintKeycapComponent.swift */ = {isa = PBXFileReference; lastKnownFileType = sourcecode.swift; path = PrintKeycapComponent.swift; sourceTree = "<group>"; };
		C0B79AB629D74E4C002B3210 /* CreateRoomView.swift */ = {isa = PBXFileReference; lastKnownFileType = sourcecode.swift; path = CreateRoomView.swift; sourceTree = "<group>"; };
		C0B79AB729D74E4C002B3210 /* CreateRoomViewModel.swift */ = {isa = PBXFileReference; lastKnownFileType = sourcecode.swift; path = CreateRoomViewModel.swift; sourceTree = "<group>"; };
		C0B79AB829D74E4C002B3210 /* CreateRoom.swift */ = {isa = PBXFileReference; lastKnownFileType = sourcecode.swift; path = CreateRoom.swift; sourceTree = "<group>"; };
		D3899173862B27761B78881F /* Pods-eye-chatTests.release.xcconfig */ = {isa = PBXFileReference; includeInIndex = 1; lastKnownFileType = text.xcconfig; name = "Pods-eye-chatTests.release.xcconfig"; path = "Target Support Files/Pods-eye-chatTests/Pods-eye-chatTests.release.xcconfig"; sourceTree = "<group>"; };
/* End PBXFileReference section */

/* Begin PBXFrameworksBuildPhase section */
		0D71CFA829D324C300E91563 /* Frameworks */ = {
			isa = PBXFrameworksBuildPhase;
			buildActionMask = 2147483647;
			files = (
				48E91FC37F0AE9C9207B589A /* Pods_eye_chat.framework in Frameworks */,
			);
			runOnlyForDeploymentPostprocessing = 0;
		};
		0D71CFBD29D324C400E91563 /* Frameworks */ = {
			isa = PBXFrameworksBuildPhase;
			buildActionMask = 2147483647;
			files = (
				1B187E09E3BC5EBCF2303BDE /* Pods_eye_chatTests.framework in Frameworks */,
			);
			runOnlyForDeploymentPostprocessing = 0;
		};
		0D71CFC729D324C400E91563 /* Frameworks */ = {
			isa = PBXFrameworksBuildPhase;
			buildActionMask = 2147483647;
			files = (
				41B377CC5A150BEACE0FD117 /* Pods_eye_chat_eye_chatUITests.framework in Frameworks */,
			);
			runOnlyForDeploymentPostprocessing = 0;
		};
/* End PBXFrameworksBuildPhase section */

/* Begin PBXGroup section */
		0D4A533129DA25F500D775A9 /* Services */ = {
			isa = PBXGroup;
			children = (
				0DCB1B9429E06879005444B7 /* Socket */,
				0DCB1B9329E0685D005444B7 /* Extensions */,
				0DCB1B9229E0683C005444B7 /* SignalingClient */,
				0DCB1B8B29E06703005444B7 /* WebRTCClient */,
			);
			path = Services;
			sourceTree = "<group>";
		};
		0D71CFA229D324C300E91563 = {
			isa = PBXGroup;
			children = (
				0D71CFAD29D324C300E91563 /* eye-chat */,
				0D71CFC329D324C400E91563 /* eye-chatTests */,
				0D71CFCD29D324C400E91563 /* eye-chatUITests */,
				0D71CFAC29D324C300E91563 /* Products */,
				9AE789C4A8ECEDBAAE1E63B0 /* Pods */,
				ABAE080DE795A78D9DD693FE /* Frameworks */,
			);
			sourceTree = "<group>";
		};
		0D71CFAC29D324C300E91563 /* Products */ = {
			isa = PBXGroup;
			children = (
				0D71CFAB29D324C300E91563 /* eye-chat.app */,
				0D71CFC029D324C400E91563 /* eye-chatTests.xctest */,
				0D71CFCA29D324C400E91563 /* eye-chatUITests.xctest */,
			);
			name = Products;
			sourceTree = "<group>";
		};
		0D71CFAD29D324C300E91563 /* eye-chat */ = {
			isa = PBXGroup;
			children = (
				0D4A533129DA25F500D775A9 /* Services */,
				0D71D01629D32E4500E91563 /* Navigation */,
				0D71CFF429D32A3900E91563 /* UI */,
				0D71CFF029D329C700E91563 /* Manager */,
				0D71CFE029D3276800E91563 /* Constants */,
				0D71CFDD29D3273900E91563 /* Entities */,
				0D71CFAE29D324C300E91563 /* eye_chatApp.swift */,
				0D71CFB029D324C300E91563 /* ContentView.swift */,
				0D71CFB229D324C400E91563 /* Assets.xcassets */,
				0D71CFB729D324C400E91563 /* Persistence.swift */,
				0D71CFB929D324C400E91563 /* eye_chat.xcdatamodeld */,
				0D71CFB429D324C400E91563 /* Preview Content */,
				0D71D01B29D335AB00E91563 /* FirstView.swift */,
			);
			path = "eye-chat";
			sourceTree = "<group>";
		};
		0D71CFB429D324C400E91563 /* Preview Content */ = {
			isa = PBXGroup;
			children = (
				0D71CFB529D324C400E91563 /* Preview Assets.xcassets */,
			);
			path = "Preview Content";
			sourceTree = "<group>";
		};
		0D71CFC329D324C400E91563 /* eye-chatTests */ = {
			isa = PBXGroup;
			children = (
				0D71CFC429D324C400E91563 /* eye_chatTests.swift */,
			);
			path = "eye-chatTests";
			sourceTree = "<group>";
		};
		0D71CFCD29D324C400E91563 /* eye-chatUITests */ = {
			isa = PBXGroup;
			children = (
				0D71CFCE29D324C400E91563 /* eye_chatUITests.swift */,
				0D71CFD029D324C400E91563 /* eye_chatUITestsLaunchTests.swift */,
			);
			path = "eye-chatUITests";
			sourceTree = "<group>";
		};
		0D71CFDD29D3273900E91563 /* Entities */ = {
			isa = PBXGroup;
			children = (
				0DCB1B6C29DE60E7005444B7 /* VideoConfig.swift */,
				0D71D00929D32C0700E91563 /* User.swift */,
			);
			path = Entities;
			sourceTree = "<group>";
		};
		0D71CFE029D3276800E91563 /* Constants */ = {
			isa = PBXGroup;
			children = (
				0D71CFEA29D3291400E91563 /* ImageAsset.swift */,
				0D71CFEC29D3294E00E91563 /* ColorAsset.swift */,
				0D71CFEE29D3296D00E91563 /* ContentComponent.swift */,
			);
			path = Constants;
			sourceTree = "<group>";
		};
		0D71CFF029D329C700E91563 /* Manager */ = {
			isa = PBXGroup;
			children = (
				0D71CFF129D329EA00E91563 /* AuthManager.swift */,
			);
			path = Manager;
			sourceTree = "<group>";
		};
		0D71CFF429D32A3900E91563 /* UI */ = {
			isa = PBXGroup;
			children = (
				0DCB1B7929DE61C4005444B7 /* ViewController.swift */,
				0D71D01329D32D5D00E91563 /* Components */,
				0D71CFF829D32A8400E91563 /* Enum */,
				0D71CFF729D32A7500E91563 /* Modules */,
				0D71CFF629D32A5C00E91563 /* Extensions */,
				0DCB1B7B29DE61FA005444B7 /* VideoController.swift */,
				0DCB1B7D29DE7952005444B7 /* VideoStreamViewController.swift */,
				0DCB1B7F29DE7A2D005444B7 /* VideoStream.swift */,
			);
			path = UI;
			sourceTree = "<group>";
		};
		0D71CFF629D32A5C00E91563 /* Extensions */ = {
			isa = PBXGroup;
			children = (
				0D71D00D29D32C5600E91563 /* Dimension */,
			);
			path = Extensions;
			sourceTree = "<group>";
		};
		0D71CFF729D32A7500E91563 /* Modules */ = {
			isa = PBXGroup;
			children = (
				C0B79AB529D74E26002B3210 /* Create Room */,
				C09CDA8E29D5B9ED006C60BB /* Home */,
			);
			path = Modules;
			sourceTree = "<group>";
		};
		0D71CFF829D32A8400E91563 /* Enum */ = {
			isa = PBXGroup;
			children = (
				0D71D00B29D32C4500E91563 /* EmojiStyle.swift */,
				C046A47629D624030006B7D8 /* CameraStyle.swift */,
				C046A47829D624870006B7D8 /* KeycapStyle.swift */,
				C046A47A29D624AF0006B7D8 /* ChatStyle.swift */,
				C046A47C29D624E80006B7D8 /* ButtonStyle.swift */,
			);
			path = Enum;
			sourceTree = "<group>";
		};
		0D71D00D29D32C5600E91563 /* Dimension */ = {
			isa = PBXGroup;
			children = (
				0D71D00E29D32CD900E91563 /* Int+Su.swift */,
				0D71D01029D32CF700E91563 /* Double+Su.swift */,
			);
			path = Dimension;
			sourceTree = "<group>";
		};
		0D71D01329D32D5D00E91563 /* Components */ = {
			isa = PBXGroup;
			children = (
				C09CDA7D29D36BFB006C60BB /* EyeButtonComponent.swift */,
				C09CDA7F29D476AD006C60BB /* CameraDisplayComponent.swift */,
				C09CDA8129D4AE00006C60BB /* ReactionsComponent.swift */,
				C09CDA8529D4C4C5006C60BB /* KeyboardReactionsComponent.swift */,
				C09CDA9529D5C7D2006C60BB /* FullKeyboardComponent.swift */,
				C09CDA9729D5C828006C60BB /* KeycapsComponent.swift */,
				C09CDA9929D5CECE006C60BB /* DeleteKeycapComponent.swift */,
				C09CDA9B29D5CEDC006C60BB /* SpaceKeycapComponent.swift */,
				C09CDA9D29D5CF11006C60BB /* CreateRoomComponent.swift */,
				C09CDA9F29D5FD8A006C60BB /* PartialKeyboard.swift */,
				C09CDAA129D6064C006C60BB /* ArrowComponent.swift */,
				C09CDAA529D608A0006C60BB /* PrintKeycapComponent.swift */,
			);
			path = Components;
			sourceTree = "<group>";
		};
		0D71D01629D32E4500E91563 /* Navigation */ = {
			isa = PBXGroup;
			children = (
				0D71D01729D3337500E91563 /* RouteScreen.swift */,
			);
			path = Navigation;
			sourceTree = "<group>";
		};
		0DCB1B8B29E06703005444B7 /* WebRTCClient */ = {
			isa = PBXGroup;
			children = (
				0DCB1B6E29DE60E7005444B7 /* WebRTCClient.swift */,
				0DCB1B8529E05EDC005444B7 /* WebRTCClient+Video.swift */,
				0DCB1B8729E0669A005444B7 /* WebRTCClient+Audio.swift */,
				0DCB1B8929E066DA005444B7 /* WebRTCClient+TrackEnable.swift */,
				0DCB1B8C29E0672E005444B7 /* WebRTCClient+RTCPeerConnectionDelegate.swift */,
				0DCB1B8E29E0679B005444B7 /* WebRTCClient+RTCDataChannelDelegate.swift */,
				0DCB1B9029E067E5005444B7 /* WebRTCClientDelegate.swift */,
			);
			path = WebRTCClient;
			sourceTree = "<group>";
		};
		0DCB1B9229E0683C005444B7 /* SignalingClient */ = {
			isa = PBXGroup;
			children = (
				0DCB1B6929DE60E6005444B7 /* SignalingClient.swift */,
				0DCB1B8329E05A5E005444B7 /* SignalingClient+WebSocketProviderDelegate.swift */,
			);
			path = SignalingClient;
			sourceTree = "<group>";
		};
		0DCB1B9329E0685D005444B7 /* Extensions */ = {
			isa = PBXGroup;
			children = (
				0DCB1B6829DE60E6005444B7 /* SessionDescription.swift */,
				0DCB1B6729DE60E6005444B7 /* RTCStates.swift */,
				0DCB1B6F29DE60E7005444B7 /* Message.swift */,
				0DCB1B6B29DE60E7005444B7 /* IceCandidate.swift */,
			);
			path = Extensions;
			sourceTree = "<group>";
		};
		0DCB1B9429E06879005444B7 /* Socket */ = {
			isa = PBXGroup;
			children = (
				0DCB1B6D29DE60E7005444B7 /* WebSocketProvider.swift */,
				0DCB1B6A29DE60E7005444B7 /* NativeWebSocket.swift */,
			);
			path = Socket;
			sourceTree = "<group>";
		};
		9AE789C4A8ECEDBAAE1E63B0 /* Pods */ = {
			isa = PBXGroup;
			children = (
				8B218F479A25754C9098D3C4 /* Pods-eye-chat.debug.xcconfig */,
				C041B746A3E40E788A5B4CD2 /* Pods-eye-chat.release.xcconfig */,
				7BED4F0CF09E7749C96F40C3 /* Pods-eye-chat-eye-chatUITests.debug.xcconfig */,
				BBF5F7159C57C6736D96276A /* Pods-eye-chat-eye-chatUITests.release.xcconfig */,
				8915FFB6CFCDAA623C836477 /* Pods-eye-chatTests.debug.xcconfig */,
				D3899173862B27761B78881F /* Pods-eye-chatTests.release.xcconfig */,
			);
			path = Pods;
			sourceTree = "<group>";
		};
		ABAE080DE795A78D9DD693FE /* Frameworks */ = {
			isa = PBXGroup;
			children = (
				B8AEE7820E96B669ADD1BA45 /* Pods_eye_chat.framework */,
				3503120924F3C0505FFCAC80 /* Pods_eye_chat_eye_chatUITests.framework */,
				36A8369F51BC84B970BDD733 /* Pods_eye_chatTests.framework */,
			);
			name = Frameworks;
			sourceTree = "<group>";
		};
		C09CDA8E29D5B9ED006C60BB /* Home */ = {
			isa = PBXGroup;
			children = (
				C09CDA8F29D5BA05006C60BB /* HomeView.swift */,
				C09CDA9029D5BA05006C60BB /* HomeViewModel.swift */,
				C09CDA9129D5BA05006C60BB /* Home.swift */,
			);
			path = Home;
			sourceTree = "<group>";
		};
		C0B79AB529D74E26002B3210 /* Create Room */ = {
			isa = PBXGroup;
			children = (
				C0B79AB629D74E4C002B3210 /* CreateRoomView.swift */,
				C0B79AB729D74E4C002B3210 /* CreateRoomViewModel.swift */,
				C0B79AB829D74E4C002B3210 /* CreateRoom.swift */,
			);
			path = "Create Room";
			sourceTree = "<group>";
		};
/* End PBXGroup section */

/* Begin PBXNativeTarget section */
		0D71CFAA29D324C300E91563 /* eye-chat */ = {
			isa = PBXNativeTarget;
			buildConfigurationList = 0D71CFD429D324C400E91563 /* Build configuration list for PBXNativeTarget "eye-chat" */;
			buildPhases = (
				AF3DCAD850D5BFADD673F4D7 /* [CP] Check Pods Manifest.lock */,
				0D71CFA729D324C300E91563 /* Sources */,
				0D71CFA829D324C300E91563 /* Frameworks */,
				0D71CFA929D324C300E91563 /* Resources */,
				B1576E19A4D95A0FEA8E254F /* [CP] Embed Pods Frameworks */,
			);
			buildRules = (
			);
			dependencies = (
			);
			name = "eye-chat";
			productName = "eye-chat";
			productReference = 0D71CFAB29D324C300E91563 /* eye-chat.app */;
			productType = "com.apple.product-type.application";
		};
		0D71CFBF29D324C400E91563 /* eye-chatTests */ = {
			isa = PBXNativeTarget;
			buildConfigurationList = 0D71CFD729D324C400E91563 /* Build configuration list for PBXNativeTarget "eye-chatTests" */;
			buildPhases = (
				C0E7140F7073D115F7D9CC83 /* [CP] Check Pods Manifest.lock */,
				0D71CFBC29D324C400E91563 /* Sources */,
				0D71CFBD29D324C400E91563 /* Frameworks */,
				0D71CFBE29D324C400E91563 /* Resources */,
			);
			buildRules = (
			);
			dependencies = (
				0D71CFC229D324C400E91563 /* PBXTargetDependency */,
			);
			name = "eye-chatTests";
			productName = "eye-chatTests";
			productReference = 0D71CFC029D324C400E91563 /* eye-chatTests.xctest */;
			productType = "com.apple.product-type.bundle.unit-test";
		};
		0D71CFC929D324C400E91563 /* eye-chatUITests */ = {
			isa = PBXNativeTarget;
			buildConfigurationList = 0D71CFDA29D324C400E91563 /* Build configuration list for PBXNativeTarget "eye-chatUITests" */;
			buildPhases = (
				AA671E65306C77FE2ACBBCA6 /* [CP] Check Pods Manifest.lock */,
				0D71CFC629D324C400E91563 /* Sources */,
				0D71CFC729D324C400E91563 /* Frameworks */,
				0D71CFC829D324C400E91563 /* Resources */,
				1048980B2925FDA862C5A255 /* [CP] Embed Pods Frameworks */,
			);
			buildRules = (
			);
			dependencies = (
				0D71CFCC29D324C400E91563 /* PBXTargetDependency */,
			);
			name = "eye-chatUITests";
			productName = "eye-chatUITests";
			productReference = 0D71CFCA29D324C400E91563 /* eye-chatUITests.xctest */;
			productType = "com.apple.product-type.bundle.ui-testing";
		};
/* End PBXNativeTarget section */

/* Begin PBXProject section */
		0D71CFA329D324C300E91563 /* Project object */ = {
			isa = PBXProject;
			attributes = {
				BuildIndependentTargetsInParallel = 1;
				LastSwiftUpdateCheck = 1420;
				LastUpgradeCheck = 1420;
				TargetAttributes = {
					0D71CFAA29D324C300E91563 = {
						CreatedOnToolsVersion = 14.2;
					};
					0D71CFBF29D324C400E91563 = {
						CreatedOnToolsVersion = 14.2;
						TestTargetID = 0D71CFAA29D324C300E91563;
					};
					0D71CFC929D324C400E91563 = {
						CreatedOnToolsVersion = 14.2;
						TestTargetID = 0D71CFAA29D324C300E91563;
					};
				};
			};
			buildConfigurationList = 0D71CFA629D324C300E91563 /* Build configuration list for PBXProject "eye-chat" */;
			compatibilityVersion = "Xcode 14.0";
			developmentRegion = en;
			hasScannedForEncodings = 0;
			knownRegions = (
				en,
				Base,
			);
			mainGroup = 0D71CFA229D324C300E91563;
			productRefGroup = 0D71CFAC29D324C300E91563 /* Products */;
			projectDirPath = "";
			projectRoot = "";
			targets = (
				0D71CFAA29D324C300E91563 /* eye-chat */,
				0D71CFBF29D324C400E91563 /* eye-chatTests */,
				0D71CFC929D324C400E91563 /* eye-chatUITests */,
			);
		};
/* End PBXProject section */

/* Begin PBXResourcesBuildPhase section */
		0D71CFA929D324C300E91563 /* Resources */ = {
			isa = PBXResourcesBuildPhase;
			buildActionMask = 2147483647;
			files = (
				0D71CFB629D324C400E91563 /* Preview Assets.xcassets in Resources */,
				0D71CFB329D324C400E91563 /* Assets.xcassets in Resources */,
			);
			runOnlyForDeploymentPostprocessing = 0;
		};
		0D71CFBE29D324C400E91563 /* Resources */ = {
			isa = PBXResourcesBuildPhase;
			buildActionMask = 2147483647;
			files = (
			);
			runOnlyForDeploymentPostprocessing = 0;
		};
		0D71CFC829D324C400E91563 /* Resources */ = {
			isa = PBXResourcesBuildPhase;
			buildActionMask = 2147483647;
			files = (
			);
			runOnlyForDeploymentPostprocessing = 0;
		};
/* End PBXResourcesBuildPhase section */

/* Begin PBXShellScriptBuildPhase section */
		1048980B2925FDA862C5A255 /* [CP] Embed Pods Frameworks */ = {
			isa = PBXShellScriptBuildPhase;
			buildActionMask = 2147483647;
			files = (
			);
			inputFileListPaths = (
				"${PODS_ROOT}/Target Support Files/Pods-eye-chat-eye-chatUITests/Pods-eye-chat-eye-chatUITests-frameworks-${CONFIGURATION}-input-files.xcfilelist",
			);
			name = "[CP] Embed Pods Frameworks";
			outputFileListPaths = (
				"${PODS_ROOT}/Target Support Files/Pods-eye-chat-eye-chatUITests/Pods-eye-chat-eye-chatUITests-frameworks-${CONFIGURATION}-output-files.xcfilelist",
			);
			runOnlyForDeploymentPostprocessing = 0;
			shellPath = /bin/sh;
			shellScript = "\"${PODS_ROOT}/Target Support Files/Pods-eye-chat-eye-chatUITests/Pods-eye-chat-eye-chatUITests-frameworks.sh\"\n";
			showEnvVarsInLog = 0;
		};
		AA671E65306C77FE2ACBBCA6 /* [CP] Check Pods Manifest.lock */ = {
			isa = PBXShellScriptBuildPhase;
			buildActionMask = 2147483647;
			files = (
			);
			inputFileListPaths = (
			);
			inputPaths = (
				"${PODS_PODFILE_DIR_PATH}/Podfile.lock",
				"${PODS_ROOT}/Manifest.lock",
			);
			name = "[CP] Check Pods Manifest.lock";
			outputFileListPaths = (
			);
			outputPaths = (
				"$(DERIVED_FILE_DIR)/Pods-eye-chat-eye-chatUITests-checkManifestLockResult.txt",
			);
			runOnlyForDeploymentPostprocessing = 0;
			shellPath = /bin/sh;
			shellScript = "diff \"${PODS_PODFILE_DIR_PATH}/Podfile.lock\" \"${PODS_ROOT}/Manifest.lock\" > /dev/null\nif [ $? != 0 ] ; then\n    # print error to STDERR\n    echo \"error: The sandbox is not in sync with the Podfile.lock. Run 'pod install' or update your CocoaPods installation.\" >&2\n    exit 1\nfi\n# This output is used by Xcode 'outputs' to avoid re-running this script phase.\necho \"SUCCESS\" > \"${SCRIPT_OUTPUT_FILE_0}\"\n";
			showEnvVarsInLog = 0;
		};
		AF3DCAD850D5BFADD673F4D7 /* [CP] Check Pods Manifest.lock */ = {
			isa = PBXShellScriptBuildPhase;
			buildActionMask = 2147483647;
			files = (
			);
			inputFileListPaths = (
			);
			inputPaths = (
				"${PODS_PODFILE_DIR_PATH}/Podfile.lock",
				"${PODS_ROOT}/Manifest.lock",
			);
			name = "[CP] Check Pods Manifest.lock";
			outputFileListPaths = (
			);
			outputPaths = (
				"$(DERIVED_FILE_DIR)/Pods-eye-chat-checkManifestLockResult.txt",
			);
			runOnlyForDeploymentPostprocessing = 0;
			shellPath = /bin/sh;
			shellScript = "diff \"${PODS_PODFILE_DIR_PATH}/Podfile.lock\" \"${PODS_ROOT}/Manifest.lock\" > /dev/null\nif [ $? != 0 ] ; then\n    # print error to STDERR\n    echo \"error: The sandbox is not in sync with the Podfile.lock. Run 'pod install' or update your CocoaPods installation.\" >&2\n    exit 1\nfi\n# This output is used by Xcode 'outputs' to avoid re-running this script phase.\necho \"SUCCESS\" > \"${SCRIPT_OUTPUT_FILE_0}\"\n";
			showEnvVarsInLog = 0;
		};
		B1576E19A4D95A0FEA8E254F /* [CP] Embed Pods Frameworks */ = {
			isa = PBXShellScriptBuildPhase;
			buildActionMask = 2147483647;
			files = (
			);
			inputFileListPaths = (
				"${PODS_ROOT}/Target Support Files/Pods-eye-chat/Pods-eye-chat-frameworks-${CONFIGURATION}-input-files.xcfilelist",
			);
			name = "[CP] Embed Pods Frameworks";
			outputFileListPaths = (
				"${PODS_ROOT}/Target Support Files/Pods-eye-chat/Pods-eye-chat-frameworks-${CONFIGURATION}-output-files.xcfilelist",
			);
			runOnlyForDeploymentPostprocessing = 0;
			shellPath = /bin/sh;
			shellScript = "\"${PODS_ROOT}/Target Support Files/Pods-eye-chat/Pods-eye-chat-frameworks.sh\"\n";
			showEnvVarsInLog = 0;
		};
		C0E7140F7073D115F7D9CC83 /* [CP] Check Pods Manifest.lock */ = {
			isa = PBXShellScriptBuildPhase;
			buildActionMask = 2147483647;
			files = (
			);
			inputFileListPaths = (
			);
			inputPaths = (
				"${PODS_PODFILE_DIR_PATH}/Podfile.lock",
				"${PODS_ROOT}/Manifest.lock",
			);
			name = "[CP] Check Pods Manifest.lock";
			outputFileListPaths = (
			);
			outputPaths = (
				"$(DERIVED_FILE_DIR)/Pods-eye-chatTests-checkManifestLockResult.txt",
			);
			runOnlyForDeploymentPostprocessing = 0;
			shellPath = /bin/sh;
			shellScript = "diff \"${PODS_PODFILE_DIR_PATH}/Podfile.lock\" \"${PODS_ROOT}/Manifest.lock\" > /dev/null\nif [ $? != 0 ] ; then\n    # print error to STDERR\n    echo \"error: The sandbox is not in sync with the Podfile.lock. Run 'pod install' or update your CocoaPods installation.\" >&2\n    exit 1\nfi\n# This output is used by Xcode 'outputs' to avoid re-running this script phase.\necho \"SUCCESS\" > \"${SCRIPT_OUTPUT_FILE_0}\"\n";
			showEnvVarsInLog = 0;
		};
/* End PBXShellScriptBuildPhase section */

/* Begin PBXSourcesBuildPhase section */
		0D71CFA729D324C300E91563 /* Sources */ = {
			isa = PBXSourcesBuildPhase;
			buildActionMask = 2147483647;
			files = (
				0DCB1B8629E05EDC005444B7 /* WebRTCClient+Video.swift in Sources */,
				C09CDA8029D476AD006C60BB /* CameraDisplayComponent.swift in Sources */,
				0D71CFEB29D3291400E91563 /* ImageAsset.swift in Sources */,
				0DCB1B8F29E0679B005444B7 /* WebRTCClient+RTCDataChannelDelegate.swift in Sources */,
				C09CDAA029D5FD8A006C60BB /* PartialKeyboard.swift in Sources */,
				0DCB1B8029DE7A2D005444B7 /* VideoStream.swift in Sources */,
				0D71CFF229D329EA00E91563 /* AuthManager.swift in Sources */,
				C046A47729D624030006B7D8 /* CameraStyle.swift in Sources */,
				C09CDA9E29D5CF11006C60BB /* CreateRoomComponent.swift in Sources */,
				0DCB1B8429E05A5E005444B7 /* SignalingClient+WebSocketProviderDelegate.swift in Sources */,
				0DCB1B7529DE60E7005444B7 /* VideoConfig.swift in Sources */,
				C09CDA8629D4C4C5006C60BB /* KeyboardReactionsComponent.swift in Sources */,
				C0B79AB929D74E4C002B3210 /* CreateRoomView.swift in Sources */,
				C09CDA9C29D5CEDC006C60BB /* SpaceKeycapComponent.swift in Sources */,
				0D71CFB829D324C400E91563 /* Persistence.swift in Sources */,
				0DCB1B7629DE60E7005444B7 /* WebSocketProvider.swift in Sources */,
				C046A47D29D624E80006B7D8 /* ButtonStyle.swift in Sources */,
				C09CDA7E29D36BFB006C60BB /* EyeButtonComponent.swift in Sources */,
				0D71D00C29D32C4500E91563 /* EmojiStyle.swift in Sources */,
				0D71CFED29D3294E00E91563 /* ColorAsset.swift in Sources */,
				0DCB1B7829DE60E7005444B7 /* Message.swift in Sources */,
				0D71CFB129D324C300E91563 /* ContentView.swift in Sources */,
				0DCB1B9129E067E5005444B7 /* WebRTCClientDelegate.swift in Sources */,
				C09CDAA229D6064C006C60BB /* ArrowComponent.swift in Sources */,
				0D71D01C29D335AB00E91563 /* FirstView.swift in Sources */,
				0D71D01129D32CF700E91563 /* Double+Su.swift in Sources */,
				0DCB1B7129DE60E7005444B7 /* SessionDescription.swift in Sources */,
				0D71CFAF29D324C300E91563 /* eye_chatApp.swift in Sources */,
				0DCB1B8829E0669A005444B7 /* WebRTCClient+Audio.swift in Sources */,
				0D71CFBB29D324C400E91563 /* eye_chat.xcdatamodeld in Sources */,
				0D71D01829D3337500E91563 /* RouteScreen.swift in Sources */,
				0D71D00F29D32CD900E91563 /* Int+Su.swift in Sources */,
				C09CDA8229D4AE00006C60BB /* ReactionsComponent.swift in Sources */,
				0DCB1B8A29E066DA005444B7 /* WebRTCClient+TrackEnable.swift in Sources */,
				0DCB1B7C29DE61FA005444B7 /* VideoController.swift in Sources */,
				0DCB1B7E29DE7952005444B7 /* VideoStreamViewController.swift in Sources */,
				C09CDAA629D608A0006C60BB /* PrintKeycapComponent.swift in Sources */,
				C0B79ABA29D74E4C002B3210 /* CreateRoomViewModel.swift in Sources */,
				C046A47929D624870006B7D8 /* KeycapStyle.swift in Sources */,
				0DCB1B7A29DE61C4005444B7 /* ViewController.swift in Sources */,
				0DCB1B7329DE60E7005444B7 /* NativeWebSocket.swift in Sources */,
				0D71D00A29D32C0700E91563 /* User.swift in Sources */,
				C09CDA9329D5BA05006C60BB /* HomeViewModel.swift in Sources */,
				0DCB1B7029DE60E7005444B7 /* RTCStates.swift in Sources */,
				0D71CFEF29D3296D00E91563 /* ContentComponent.swift in Sources */,
				C09CDA9429D5BA05006C60BB /* Home.swift in Sources */,
				0DCB1B8D29E0672E005444B7 /* WebRTCClient+RTCPeerConnectionDelegate.swift in Sources */,
				C046A47B29D624AF0006B7D8 /* ChatStyle.swift in Sources */,
				0DCB1B7429DE60E7005444B7 /* IceCandidate.swift in Sources */,
				C09CDA9629D5C7D2006C60BB /* FullKeyboardComponent.swift in Sources */,
				0DCB1B7229DE60E7005444B7 /* SignalingClient.swift in Sources */,
				C0B79ABB29D74E4C002B3210 /* CreateRoom.swift in Sources */,
				0DCB1B7729DE60E7005444B7 /* WebRTCClient.swift in Sources */,
				C09CDA9829D5C828006C60BB /* KeycapsComponent.swift in Sources */,
				C09CDA9A29D5CECE006C60BB /* DeleteKeycapComponent.swift in Sources */,
				C09CDA9229D5BA05006C60BB /* HomeView.swift in Sources */,
			);
			runOnlyForDeploymentPostprocessing = 0;
		};
		0D71CFBC29D324C400E91563 /* Sources */ = {
			isa = PBXSourcesBuildPhase;
			buildActionMask = 2147483647;
			files = (
				0D71CFC529D324C400E91563 /* eye_chatTests.swift in Sources */,
			);
			runOnlyForDeploymentPostprocessing = 0;
		};
		0D71CFC629D324C400E91563 /* Sources */ = {
			isa = PBXSourcesBuildPhase;
			buildActionMask = 2147483647;
			files = (
				0D71CFD129D324C400E91563 /* eye_chatUITestsLaunchTests.swift in Sources */,
				0D71CFCF29D324C400E91563 /* eye_chatUITests.swift in Sources */,
			);
			runOnlyForDeploymentPostprocessing = 0;
		};
/* End PBXSourcesBuildPhase section */

/* Begin PBXTargetDependency section */
		0D71CFC229D324C400E91563 /* PBXTargetDependency */ = {
			isa = PBXTargetDependency;
			target = 0D71CFAA29D324C300E91563 /* eye-chat */;
			targetProxy = 0D71CFC129D324C400E91563 /* PBXContainerItemProxy */;
		};
		0D71CFCC29D324C400E91563 /* PBXTargetDependency */ = {
			isa = PBXTargetDependency;
			target = 0D71CFAA29D324C300E91563 /* eye-chat */;
			targetProxy = 0D71CFCB29D324C400E91563 /* PBXContainerItemProxy */;
		};
/* End PBXTargetDependency section */

/* Begin XCBuildConfiguration section */
		0D71CFD229D324C400E91563 /* Debug */ = {
			isa = XCBuildConfiguration;
			buildSettings = {
				ALWAYS_SEARCH_USER_PATHS = NO;
				CLANG_ANALYZER_NONNULL = YES;
				CLANG_ANALYZER_NUMBER_OBJECT_CONVERSION = YES_AGGRESSIVE;
				CLANG_CXX_LANGUAGE_STANDARD = "gnu++20";
				CLANG_ENABLE_MODULES = YES;
				CLANG_ENABLE_OBJC_ARC = YES;
				CLANG_ENABLE_OBJC_WEAK = YES;
				CLANG_WARN_BLOCK_CAPTURE_AUTORELEASING = YES;
				CLANG_WARN_BOOL_CONVERSION = YES;
				CLANG_WARN_COMMA = YES;
				CLANG_WARN_CONSTANT_CONVERSION = YES;
				CLANG_WARN_DEPRECATED_OBJC_IMPLEMENTATIONS = YES;
				CLANG_WARN_DIRECT_OBJC_ISA_USAGE = YES_ERROR;
				CLANG_WARN_DOCUMENTATION_COMMENTS = YES;
				CLANG_WARN_EMPTY_BODY = YES;
				CLANG_WARN_ENUM_CONVERSION = YES;
				CLANG_WARN_INFINITE_RECURSION = YES;
				CLANG_WARN_INT_CONVERSION = YES;
				CLANG_WARN_NON_LITERAL_NULL_CONVERSION = YES;
				CLANG_WARN_OBJC_IMPLICIT_RETAIN_SELF = YES;
				CLANG_WARN_OBJC_LITERAL_CONVERSION = YES;
				CLANG_WARN_OBJC_ROOT_CLASS = YES_ERROR;
				CLANG_WARN_QUOTED_INCLUDE_IN_FRAMEWORK_HEADER = YES;
				CLANG_WARN_RANGE_LOOP_ANALYSIS = YES;
				CLANG_WARN_STRICT_PROTOTYPES = YES;
				CLANG_WARN_SUSPICIOUS_MOVE = YES;
				CLANG_WARN_UNGUARDED_AVAILABILITY = YES_AGGRESSIVE;
				CLANG_WARN_UNREACHABLE_CODE = YES;
				CLANG_WARN__DUPLICATE_METHOD_MATCH = YES;
				COPY_PHASE_STRIP = NO;
				DEBUG_INFORMATION_FORMAT = dwarf;
				ENABLE_STRICT_OBJC_MSGSEND = YES;
				ENABLE_TESTABILITY = YES;
				GCC_C_LANGUAGE_STANDARD = gnu11;
				GCC_DYNAMIC_NO_PIC = NO;
				GCC_NO_COMMON_BLOCKS = YES;
				GCC_OPTIMIZATION_LEVEL = 0;
				GCC_PREPROCESSOR_DEFINITIONS = (
					"DEBUG=1",
					"$(inherited)",
				);
				GCC_WARN_64_TO_32_BIT_CONVERSION = YES;
				GCC_WARN_ABOUT_RETURN_TYPE = YES_ERROR;
				GCC_WARN_UNDECLARED_SELECTOR = YES;
				GCC_WARN_UNINITIALIZED_AUTOS = YES_AGGRESSIVE;
				GCC_WARN_UNUSED_FUNCTION = YES;
				GCC_WARN_UNUSED_VARIABLE = YES;
				IPHONEOS_DEPLOYMENT_TARGET = 16.2;
				MTL_ENABLE_DEBUG_INFO = INCLUDE_SOURCE;
				MTL_FAST_MATH = YES;
				ONLY_ACTIVE_ARCH = YES;
				SDKROOT = iphoneos;
				SWIFT_ACTIVE_COMPILATION_CONDITIONS = DEBUG;
				SWIFT_OPTIMIZATION_LEVEL = "-Onone";
			};
			name = Debug;
		};
		0D71CFD329D324C400E91563 /* Release */ = {
			isa = XCBuildConfiguration;
			buildSettings = {
				ALWAYS_SEARCH_USER_PATHS = NO;
				CLANG_ANALYZER_NONNULL = YES;
				CLANG_ANALYZER_NUMBER_OBJECT_CONVERSION = YES_AGGRESSIVE;
				CLANG_CXX_LANGUAGE_STANDARD = "gnu++20";
				CLANG_ENABLE_MODULES = YES;
				CLANG_ENABLE_OBJC_ARC = YES;
				CLANG_ENABLE_OBJC_WEAK = YES;
				CLANG_WARN_BLOCK_CAPTURE_AUTORELEASING = YES;
				CLANG_WARN_BOOL_CONVERSION = YES;
				CLANG_WARN_COMMA = YES;
				CLANG_WARN_CONSTANT_CONVERSION = YES;
				CLANG_WARN_DEPRECATED_OBJC_IMPLEMENTATIONS = YES;
				CLANG_WARN_DIRECT_OBJC_ISA_USAGE = YES_ERROR;
				CLANG_WARN_DOCUMENTATION_COMMENTS = YES;
				CLANG_WARN_EMPTY_BODY = YES;
				CLANG_WARN_ENUM_CONVERSION = YES;
				CLANG_WARN_INFINITE_RECURSION = YES;
				CLANG_WARN_INT_CONVERSION = YES;
				CLANG_WARN_NON_LITERAL_NULL_CONVERSION = YES;
				CLANG_WARN_OBJC_IMPLICIT_RETAIN_SELF = YES;
				CLANG_WARN_OBJC_LITERAL_CONVERSION = YES;
				CLANG_WARN_OBJC_ROOT_CLASS = YES_ERROR;
				CLANG_WARN_QUOTED_INCLUDE_IN_FRAMEWORK_HEADER = YES;
				CLANG_WARN_RANGE_LOOP_ANALYSIS = YES;
				CLANG_WARN_STRICT_PROTOTYPES = YES;
				CLANG_WARN_SUSPICIOUS_MOVE = YES;
				CLANG_WARN_UNGUARDED_AVAILABILITY = YES_AGGRESSIVE;
				CLANG_WARN_UNREACHABLE_CODE = YES;
				CLANG_WARN__DUPLICATE_METHOD_MATCH = YES;
				COPY_PHASE_STRIP = NO;
				DEBUG_INFORMATION_FORMAT = "dwarf-with-dsym";
				ENABLE_NS_ASSERTIONS = NO;
				ENABLE_STRICT_OBJC_MSGSEND = YES;
				GCC_C_LANGUAGE_STANDARD = gnu11;
				GCC_NO_COMMON_BLOCKS = YES;
				GCC_WARN_64_TO_32_BIT_CONVERSION = YES;
				GCC_WARN_ABOUT_RETURN_TYPE = YES_ERROR;
				GCC_WARN_UNDECLARED_SELECTOR = YES;
				GCC_WARN_UNINITIALIZED_AUTOS = YES_AGGRESSIVE;
				GCC_WARN_UNUSED_FUNCTION = YES;
				GCC_WARN_UNUSED_VARIABLE = YES;
				IPHONEOS_DEPLOYMENT_TARGET = 16.2;
				MTL_ENABLE_DEBUG_INFO = NO;
				MTL_FAST_MATH = YES;
				SDKROOT = iphoneos;
				SWIFT_COMPILATION_MODE = wholemodule;
				SWIFT_OPTIMIZATION_LEVEL = "-O";
				VALIDATE_PRODUCT = YES;
			};
			name = Release;
		};
		0D71CFD529D324C400E91563 /* Debug */ = {
			isa = XCBuildConfiguration;
			baseConfigurationReference = 8B218F479A25754C9098D3C4 /* Pods-eye-chat.debug.xcconfig */;
			buildSettings = {
				ASSETCATALOG_COMPILER_APPICON_NAME = AppIcon;
				ASSETCATALOG_COMPILER_GLOBAL_ACCENT_COLOR_NAME = AccentColor;
				CODE_SIGN_STYLE = Automatic;
				CURRENT_PROJECT_VERSION = 1;
				DEVELOPMENT_ASSET_PATHS = "\"eye-chat/Preview Content\"";
				DEVELOPMENT_TEAM = 4UVYB4V5UN;
				ENABLE_PREVIEWS = YES;
				GENERATE_INFOPLIST_FILE = YES;
				INFOPLIST_KEY_NSCameraUsageDescription = "Libera ai patrao";
				INFOPLIST_KEY_NSLocalNetworkUsageDescription = "libera ai dnv patrao";
				INFOPLIST_KEY_NSMicrophoneUsageDescription = "libera eu te escutar ai";
				INFOPLIST_KEY_UIApplicationSceneManifest_Generation = YES;
				INFOPLIST_KEY_UIApplicationSupportsIndirectInputEvents = YES;
				INFOPLIST_KEY_UILaunchScreen_Generation = YES;
				INFOPLIST_KEY_UISupportedInterfaceOrientations_iPad = "UIInterfaceOrientationPortrait UIInterfaceOrientationPortraitUpsideDown UIInterfaceOrientationLandscapeLeft UIInterfaceOrientationLandscapeRight";
				INFOPLIST_KEY_UISupportedInterfaceOrientations_iPhone = "UIInterfaceOrientationPortrait UIInterfaceOrientationLandscapeLeft UIInterfaceOrientationLandscapeRight";
				LD_RUNPATH_SEARCH_PATHS = (
					"$(inherited)",
					"@executable_path/Frameworks",
				);
				MARKETING_VERSION = 1.0;
				PRODUCT_BUNDLE_IDENTIFIER = "br.ufpe.cin.academy.apfd.eye-chat";
				PRODUCT_NAME = "$(TARGET_NAME)";
				SWIFT_EMIT_LOC_STRINGS = YES;
				SWIFT_VERSION = 5.0;
				TARGETED_DEVICE_FAMILY = "1,2";
			};
			name = Debug;
		};
		0D71CFD629D324C400E91563 /* Release */ = {
			isa = XCBuildConfiguration;
			baseConfigurationReference = C041B746A3E40E788A5B4CD2 /* Pods-eye-chat.release.xcconfig */;
			buildSettings = {
				ASSETCATALOG_COMPILER_APPICON_NAME = AppIcon;
				ASSETCATALOG_COMPILER_GLOBAL_ACCENT_COLOR_NAME = AccentColor;
				CODE_SIGN_STYLE = Automatic;
				CURRENT_PROJECT_VERSION = 1;
				DEVELOPMENT_ASSET_PATHS = "\"eye-chat/Preview Content\"";
				DEVELOPMENT_TEAM = 4UVYB4V5UN;
				ENABLE_PREVIEWS = YES;
				GENERATE_INFOPLIST_FILE = YES;
				INFOPLIST_KEY_NSCameraUsageDescription = "Libera ai patrao";
				INFOPLIST_KEY_NSLocalNetworkUsageDescription = "libera ai dnv patrao";
				INFOPLIST_KEY_NSMicrophoneUsageDescription = "libera eu te escutar ai";
				INFOPLIST_KEY_UIApplicationSceneManifest_Generation = YES;
				INFOPLIST_KEY_UIApplicationSupportsIndirectInputEvents = YES;
				INFOPLIST_KEY_UILaunchScreen_Generation = YES;
				INFOPLIST_KEY_UISupportedInterfaceOrientations_iPad = "UIInterfaceOrientationPortrait UIInterfaceOrientationPortraitUpsideDown UIInterfaceOrientationLandscapeLeft UIInterfaceOrientationLandscapeRight";
				INFOPLIST_KEY_UISupportedInterfaceOrientations_iPhone = "UIInterfaceOrientationPortrait UIInterfaceOrientationLandscapeLeft UIInterfaceOrientationLandscapeRight";
				LD_RUNPATH_SEARCH_PATHS = (
					"$(inherited)",
					"@executable_path/Frameworks",
				);
				MARKETING_VERSION = 1.0;
				PRODUCT_BUNDLE_IDENTIFIER = "br.ufpe.cin.academy.apfd.eye-chat";
				PRODUCT_NAME = "$(TARGET_NAME)";
				SWIFT_EMIT_LOC_STRINGS = YES;
				SWIFT_VERSION = 5.0;
				TARGETED_DEVICE_FAMILY = "1,2";
			};
			name = Release;
		};
		0D71CFD829D324C400E91563 /* Debug */ = {
			isa = XCBuildConfiguration;
			baseConfigurationReference = 8915FFB6CFCDAA623C836477 /* Pods-eye-chatTests.debug.xcconfig */;
			buildSettings = {
				ALWAYS_EMBED_SWIFT_STANDARD_LIBRARIES = YES;
				BUNDLE_LOADER = "$(TEST_HOST)";
				CODE_SIGN_STYLE = Automatic;
				CURRENT_PROJECT_VERSION = 1;
				DEVELOPMENT_TEAM = 4UVYB4V5UN;
				GENERATE_INFOPLIST_FILE = YES;
				IPHONEOS_DEPLOYMENT_TARGET = 16.2;
				MARKETING_VERSION = 1.0;
				PRODUCT_BUNDLE_IDENTIFIER = "br.ufpe.cin.academy.apfd.eye-chatTests";
				PRODUCT_NAME = "$(TARGET_NAME)";
				SWIFT_EMIT_LOC_STRINGS = NO;
				SWIFT_VERSION = 5.0;
				TARGETED_DEVICE_FAMILY = "1,2";
				TEST_HOST = "$(BUILT_PRODUCTS_DIR)/eye-chat.app/$(BUNDLE_EXECUTABLE_FOLDER_PATH)/eye-chat";
			};
			name = Debug;
		};
		0D71CFD929D324C400E91563 /* Release */ = {
			isa = XCBuildConfiguration;
			baseConfigurationReference = D3899173862B27761B78881F /* Pods-eye-chatTests.release.xcconfig */;
			buildSettings = {
				ALWAYS_EMBED_SWIFT_STANDARD_LIBRARIES = YES;
				BUNDLE_LOADER = "$(TEST_HOST)";
				CODE_SIGN_STYLE = Automatic;
				CURRENT_PROJECT_VERSION = 1;
				DEVELOPMENT_TEAM = 4UVYB4V5UN;
				GENERATE_INFOPLIST_FILE = YES;
				IPHONEOS_DEPLOYMENT_TARGET = 16.2;
				MARKETING_VERSION = 1.0;
				PRODUCT_BUNDLE_IDENTIFIER = "br.ufpe.cin.academy.apfd.eye-chatTests";
				PRODUCT_NAME = "$(TARGET_NAME)";
				SWIFT_EMIT_LOC_STRINGS = NO;
				SWIFT_VERSION = 5.0;
				TARGETED_DEVICE_FAMILY = "1,2";
				TEST_HOST = "$(BUILT_PRODUCTS_DIR)/eye-chat.app/$(BUNDLE_EXECUTABLE_FOLDER_PATH)/eye-chat";
			};
			name = Release;
		};
		0D71CFDB29D324C400E91563 /* Debug */ = {
			isa = XCBuildConfiguration;
			baseConfigurationReference = 7BED4F0CF09E7749C96F40C3 /* Pods-eye-chat-eye-chatUITests.debug.xcconfig */;
			buildSettings = {
				ALWAYS_EMBED_SWIFT_STANDARD_LIBRARIES = YES;
				CODE_SIGN_STYLE = Automatic;
				CURRENT_PROJECT_VERSION = 1;
				DEVELOPMENT_TEAM = 4UVYB4V5UN;
				GENERATE_INFOPLIST_FILE = YES;
				MARKETING_VERSION = 1.0;
				PRODUCT_BUNDLE_IDENTIFIER = "br.ufpe.cin.academy.apfd.eye-chatUITests";
				PRODUCT_NAME = "$(TARGET_NAME)";
				SWIFT_EMIT_LOC_STRINGS = NO;
				SWIFT_VERSION = 5.0;
				TARGETED_DEVICE_FAMILY = "1,2";
				TEST_TARGET_NAME = "eye-chat";
			};
			name = Debug;
		};
		0D71CFDC29D324C400E91563 /* Release */ = {
			isa = XCBuildConfiguration;
			baseConfigurationReference = BBF5F7159C57C6736D96276A /* Pods-eye-chat-eye-chatUITests.release.xcconfig */;
			buildSettings = {
				ALWAYS_EMBED_SWIFT_STANDARD_LIBRARIES = YES;
				CODE_SIGN_STYLE = Automatic;
				CURRENT_PROJECT_VERSION = 1;
				DEVELOPMENT_TEAM = 4UVYB4V5UN;
				GENERATE_INFOPLIST_FILE = YES;
				MARKETING_VERSION = 1.0;
				PRODUCT_BUNDLE_IDENTIFIER = "br.ufpe.cin.academy.apfd.eye-chatUITests";
				PRODUCT_NAME = "$(TARGET_NAME)";
				SWIFT_EMIT_LOC_STRINGS = NO;
				SWIFT_VERSION = 5.0;
				TARGETED_DEVICE_FAMILY = "1,2";
				TEST_TARGET_NAME = "eye-chat";
			};
			name = Release;
		};
/* End XCBuildConfiguration section */

/* Begin XCConfigurationList section */
		0D71CFA629D324C300E91563 /* Build configuration list for PBXProject "eye-chat" */ = {
			isa = XCConfigurationList;
			buildConfigurations = (
				0D71CFD229D324C400E91563 /* Debug */,
				0D71CFD329D324C400E91563 /* Release */,
			);
			defaultConfigurationIsVisible = 0;
			defaultConfigurationName = Release;
		};
		0D71CFD429D324C400E91563 /* Build configuration list for PBXNativeTarget "eye-chat" */ = {
			isa = XCConfigurationList;
			buildConfigurations = (
				0D71CFD529D324C400E91563 /* Debug */,
				0D71CFD629D324C400E91563 /* Release */,
			);
			defaultConfigurationIsVisible = 0;
			defaultConfigurationName = Release;
		};
		0D71CFD729D324C400E91563 /* Build configuration list for PBXNativeTarget "eye-chatTests" */ = {
			isa = XCConfigurationList;
			buildConfigurations = (
				0D71CFD829D324C400E91563 /* Debug */,
				0D71CFD929D324C400E91563 /* Release */,
			);
			defaultConfigurationIsVisible = 0;
			defaultConfigurationName = Release;
		};
		0D71CFDA29D324C400E91563 /* Build configuration list for PBXNativeTarget "eye-chatUITests" */ = {
			isa = XCConfigurationList;
			buildConfigurations = (
				0D71CFDB29D324C400E91563 /* Debug */,
				0D71CFDC29D324C400E91563 /* Release */,
			);
			defaultConfigurationIsVisible = 0;
			defaultConfigurationName = Release;
		};
/* End XCConfigurationList section */

/* Begin XCVersionGroup section */
		0D71CFB929D324C400E91563 /* eye_chat.xcdatamodeld */ = {
			isa = XCVersionGroup;
			children = (
				0D71CFBA29D324C400E91563 /* eye_chat.xcdatamodel */,
			);
			currentVersion = 0D71CFBA29D324C400E91563 /* eye_chat.xcdatamodel */;
			path = eye_chat.xcdatamodeld;
			sourceTree = "<group>";
			versionGroupType = wrapper.xcdatamodel;
		};
/* End XCVersionGroup section */
	};
	rootObject = 0D71CFA329D324C300E91563 /* Project object */;
}
