// !$*UTF8*$!
{
	archiveVersion = 1;
	classes = {
	};
	objectVersion = 56;
	objects = {

/* Begin PBXBuildFile section */
		0D71CFAF29D324C300E91563 /* eye_chatApp.swift in Sources */ = {isa = PBXBuildFile; fileRef = 0D71CFAE29D324C300E91563 /* eye_chatApp.swift */; };
		0D71CFB129D324C300E91563 /* ContentView.swift in Sources */ = {isa = PBXBuildFile; fileRef = 0D71CFB029D324C300E91563 /* ContentView.swift */; };
		0D71CFB329D324C400E91563 /* Assets.xcassets in Resources */ = {isa = PBXBuildFile; fileRef = 0D71CFB229D324C400E91563 /* Assets.xcassets */; };
		0D71CFB629D324C400E91563 /* Preview Assets.xcassets in Resources */ = {isa = PBXBuildFile; fileRef = 0D71CFB529D324C400E91563 /* Preview Assets.xcassets */; };
		0D71CFB829D324C400E91563 /* Persistence.swift in Sources */ = {isa = PBXBuildFile; fileRef = 0D71CFB729D324C400E91563 /* Persistence.swift */; };
		0D71CFBB29D324C400E91563 /* eye_chat.xcdatamodeld in Sources */ = {isa = PBXBuildFile; fileRef = 0D71CFB929D324C400E91563 /* eye_chat.xcdatamodeld */; };
		0D71CFC529D324C400E91563 /* eye_chatTests.swift in Sources */ = {isa = PBXBuildFile; fileRef = 0D71CFC429D324C400E91563 /* eye_chatTests.swift */; };
		0D71CFCF29D324C400E91563 /* eye_chatUITests.swift in Sources */ = {isa = PBXBuildFile; fileRef = 0D71CFCE29D324C400E91563 /* eye_chatUITests.swift */; };
		0D71CFD129D324C400E91563 /* eye_chatUITestsLaunchTests.swift in Sources */ = {isa = PBXBuildFile; fileRef = 0D71CFD029D324C400E91563 /* eye_chatUITestsLaunchTests.swift */; };
		0D71CFEB29D3291400E91563 /* ImageAsset.swift in Sources */ = {isa = PBXBuildFile; fileRef = 0D71CFEA29D3291400E91563 /* ImageAsset.swift */; };
		0D71CFED29D3294E00E91563 /* ColorAsset.swift in Sources */ = {isa = PBXBuildFile; fileRef = 0D71CFEC29D3294E00E91563 /* ColorAsset.swift */; };
		0D71CFEF29D3296D00E91563 /* ContentComponent.swift in Sources */ = {isa = PBXBuildFile; fileRef = 0D71CFEE29D3296D00E91563 /* ContentComponent.swift */; };
		0D71CFF229D329EA00E91563 /* AuthManager.swift in Sources */ = {isa = PBXBuildFile; fileRef = 0D71CFF129D329EA00E91563 /* AuthManager.swift */; };
		0D71D00A29D32C0700E91563 /* User.swift in Sources */ = {isa = PBXBuildFile; fileRef = 0D71D00929D32C0700E91563 /* User.swift */; };
		0D71D00C29D32C4500E91563 /* EmojiStyle.swift in Sources */ = {isa = PBXBuildFile; fileRef = 0D71D00B29D32C4500E91563 /* EmojiStyle.swift */; };
		0D71D00F29D32CD900E91563 /* Int+Su.swift in Sources */ = {isa = PBXBuildFile; fileRef = 0D71D00E29D32CD900E91563 /* Int+Su.swift */; };
		0D71D01129D32CF700E91563 /* Double+Su.swift in Sources */ = {isa = PBXBuildFile; fileRef = 0D71D01029D32CF700E91563 /* Double+Su.swift */; };
		0D71D01829D3337500E91563 /* RouteScreen.swift in Sources */ = {isa = PBXBuildFile; fileRef = 0D71D01729D3337500E91563 /* RouteScreen.swift */; };
		0D71D01C29D335AB00E91563 /* FirstView.swift in Sources */ = {isa = PBXBuildFile; fileRef = 0D71D01B29D335AB00E91563 /* FirstView.swift */; };
		6E01934729D6101600C16658 /* TopicsCardComponent.swift in Sources */ = {isa = PBXBuildFile; fileRef = 6E01934629D6101600C16658 /* TopicsCardComponent.swift */; };
		6E01934929D61D6F00C16658 /* TopicsBoardComponent.swift in Sources */ = {isa = PBXBuildFile; fileRef = 6E01934829D61D6F00C16658 /* TopicsBoardComponent.swift */; };
		C03920BF29D8673D00F34B48 /* EyetrackingComponent.swift in Sources */ = {isa = PBXBuildFile; fileRef = C03920BE29D8673D00F34B48 /* EyetrackingComponent.swift */; };
		C03920C129D867A000F34B48 /* EyetrackingStyle.swift in Sources */ = {isa = PBXBuildFile; fileRef = C03920C029D867A000F34B48 /* EyetrackingStyle.swift */; };
		C03920C329D86C1100F34B48 /* RoomCreatedPopupComponent.swift in Sources */ = {isa = PBXBuildFile; fileRef = C03920C229D86C1100F34B48 /* RoomCreatedPopupComponent.swift */; };
		C046A47729D624030006B7D8 /* CameraStyle.swift in Sources */ = {isa = PBXBuildFile; fileRef = C046A47629D624030006B7D8 /* CameraStyle.swift */; };
		C046A47929D624870006B7D8 /* KeycapStyle.swift in Sources */ = {isa = PBXBuildFile; fileRef = C046A47829D624870006B7D8 /* KeycapStyle.swift */; };
		C046A47B29D624AF0006B7D8 /* ChatStyle.swift in Sources */ = {isa = PBXBuildFile; fileRef = C046A47A29D624AF0006B7D8 /* ChatStyle.swift */; };
		C046A47D29D624E80006B7D8 /* ButtonStyle.swift in Sources */ = {isa = PBXBuildFile; fileRef = C046A47C29D624E80006B7D8 /* ButtonStyle.swift */; };
		C09CDA7E29D36BFB006C60BB /* EyeButtonComponent.swift in Sources */ = {isa = PBXBuildFile; fileRef = C09CDA7D29D36BFB006C60BB /* EyeButtonComponent.swift */; };
		C09CDA8029D476AD006C60BB /* CameraDisplayComponent.swift in Sources */ = {isa = PBXBuildFile; fileRef = C09CDA7F29D476AD006C60BB /* CameraDisplayComponent.swift */; };
		C09CDA8229D4AE00006C60BB /* ReactionsComponent.swift in Sources */ = {isa = PBXBuildFile; fileRef = C09CDA8129D4AE00006C60BB /* ReactionsComponent.swift */; };
		C09CDA8629D4C4C5006C60BB /* KeyboardReactionsComponent.swift in Sources */ = {isa = PBXBuildFile; fileRef = C09CDA8529D4C4C5006C60BB /* KeyboardReactionsComponent.swift */; };
		C09CDA9229D5BA05006C60BB /* HomeView.swift in Sources */ = {isa = PBXBuildFile; fileRef = C09CDA8F29D5BA05006C60BB /* HomeView.swift */; };
		C09CDA9329D5BA05006C60BB /* HomeViewModel.swift in Sources */ = {isa = PBXBuildFile; fileRef = C09CDA9029D5BA05006C60BB /* HomeViewModel.swift */; };
		C09CDA9429D5BA05006C60BB /* Home.swift in Sources */ = {isa = PBXBuildFile; fileRef = C09CDA9129D5BA05006C60BB /* Home.swift */; };
		C09CDA9629D5C7D2006C60BB /* FullKeyboardComponent.swift in Sources */ = {isa = PBXBuildFile; fileRef = C09CDA9529D5C7D2006C60BB /* FullKeyboardComponent.swift */; };
		C09CDA9829D5C828006C60BB /* KeycapsComponent.swift in Sources */ = {isa = PBXBuildFile; fileRef = C09CDA9729D5C828006C60BB /* KeycapsComponent.swift */; };
		C09CDA9A29D5CECE006C60BB /* DeleteKeycapComponent.swift in Sources */ = {isa = PBXBuildFile; fileRef = C09CDA9929D5CECE006C60BB /* DeleteKeycapComponent.swift */; };
		C09CDA9C29D5CEDC006C60BB /* SpaceKeycapComponent.swift in Sources */ = {isa = PBXBuildFile; fileRef = C09CDA9B29D5CEDC006C60BB /* SpaceKeycapComponent.swift */; };
		C09CDA9E29D5CF11006C60BB /* CreateRoomComponent.swift in Sources */ = {isa = PBXBuildFile; fileRef = C09CDA9D29D5CF11006C60BB /* CreateRoomComponent.swift */; };
		C09CDAA029D5FD8A006C60BB /* PartialKeyboardComponent.swift in Sources */ = {isa = PBXBuildFile; fileRef = C09CDA9F29D5FD8A006C60BB /* PartialKeyboardComponent.swift */; };
		C09CDAA229D6064C006C60BB /* ArrowComponent.swift in Sources */ = {isa = PBXBuildFile; fileRef = C09CDAA129D6064C006C60BB /* ArrowComponent.swift */; };
		C09CDAA629D608A0006C60BB /* PrintKeycapComponent.swift in Sources */ = {isa = PBXBuildFile; fileRef = C09CDAA529D608A0006C60BB /* PrintKeycapComponent.swift */; };
		C0B79AB929D74E4C002B3210 /* CreateRoomView.swift in Sources */ = {isa = PBXBuildFile; fileRef = C0B79AB629D74E4C002B3210 /* CreateRoomView.swift */; };
		C0B79ABA29D74E4C002B3210 /* CreateRoomViewModel.swift in Sources */ = {isa = PBXBuildFile; fileRef = C0B79AB729D74E4C002B3210 /* CreateRoomViewModel.swift */; };
		C0B79ABB29D74E4C002B3210 /* CreateRoom.swift in Sources */ = {isa = PBXBuildFile; fileRef = C0B79AB829D74E4C002B3210 /* CreateRoom.swift */; };
		C0F5532729DB2BFB00DB4F7B /* RoundedCorners.swift in Sources */ = {isa = PBXBuildFile; fileRef = C0F5532629DB2BFB00DB4F7B /* RoundedCorners.swift */; };
/* End PBXBuildFile section */

/* Begin PBXContainerItemProxy section */
		0D71CFC129D324C400E91563 /* PBXContainerItemProxy */ = {
			isa = PBXContainerItemProxy;
			containerPortal = 0D71CFA329D324C300E91563 /* Project object */;
			proxyType = 1;
			remoteGlobalIDString = 0D71CFAA29D324C300E91563;
			remoteInfo = "eye-chat";
		};
		0D71CFCB29D324C400E91563 /* PBXContainerItemProxy */ = {
			isa = PBXContainerItemProxy;
			containerPortal = 0D71CFA329D324C300E91563 /* Project object */;
			proxyType = 1;
			remoteGlobalIDString = 0D71CFAA29D324C300E91563;
			remoteInfo = "eye-chat";
		};
/* End PBXContainerItemProxy section */

/* Begin PBXFileReference section */
		0D71CFAB29D324C300E91563 /* eye-chat.app */ = {isa = PBXFileReference; explicitFileType = wrapper.application; includeInIndex = 0; path = "eye-chat.app"; sourceTree = BUILT_PRODUCTS_DIR; };
		0D71CFAE29D324C300E91563 /* eye_chatApp.swift */ = {isa = PBXFileReference; lastKnownFileType = sourcecode.swift; path = eye_chatApp.swift; sourceTree = "<group>"; };
		0D71CFB029D324C300E91563 /* ContentView.swift */ = {isa = PBXFileReference; lastKnownFileType = sourcecode.swift; path = ContentView.swift; sourceTree = "<group>"; };
		0D71CFB229D324C400E91563 /* Assets.xcassets */ = {isa = PBXFileReference; lastKnownFileType = folder.assetcatalog; path = Assets.xcassets; sourceTree = "<group>"; };
		0D71CFB529D324C400E91563 /* Preview Assets.xcassets */ = {isa = PBXFileReference; lastKnownFileType = folder.assetcatalog; path = "Preview Assets.xcassets"; sourceTree = "<group>"; };
		0D71CFB729D324C400E91563 /* Persistence.swift */ = {isa = PBXFileReference; lastKnownFileType = sourcecode.swift; path = Persistence.swift; sourceTree = "<group>"; };
		0D71CFBA29D324C400E91563 /* eye_chat.xcdatamodel */ = {isa = PBXFileReference; lastKnownFileType = wrapper.xcdatamodel; path = eye_chat.xcdatamodel; sourceTree = "<group>"; };
		0D71CFC029D324C400E91563 /* eye-chatTests.xctest */ = {isa = PBXFileReference; explicitFileType = wrapper.cfbundle; includeInIndex = 0; path = "eye-chatTests.xctest"; sourceTree = BUILT_PRODUCTS_DIR; };
		0D71CFC429D324C400E91563 /* eye_chatTests.swift */ = {isa = PBXFileReference; lastKnownFileType = sourcecode.swift; path = eye_chatTests.swift; sourceTree = "<group>"; };
		0D71CFCA29D324C400E91563 /* eye-chatUITests.xctest */ = {isa = PBXFileReference; explicitFileType = wrapper.cfbundle; includeInIndex = 0; path = "eye-chatUITests.xctest"; sourceTree = BUILT_PRODUCTS_DIR; };
		0D71CFCE29D324C400E91563 /* eye_chatUITests.swift */ = {isa = PBXFileReference; lastKnownFileType = sourcecode.swift; path = eye_chatUITests.swift; sourceTree = "<group>"; };
		0D71CFD029D324C400E91563 /* eye_chatUITestsLaunchTests.swift */ = {isa = PBXFileReference; lastKnownFileType = sourcecode.swift; path = eye_chatUITestsLaunchTests.swift; sourceTree = "<group>"; };
		0D71CFEA29D3291400E91563 /* ImageAsset.swift */ = {isa = PBXFileReference; lastKnownFileType = sourcecode.swift; path = ImageAsset.swift; sourceTree = "<group>"; };
		0D71CFEC29D3294E00E91563 /* ColorAsset.swift */ = {isa = PBXFileReference; lastKnownFileType = sourcecode.swift; path = ColorAsset.swift; sourceTree = "<group>"; };
		0D71CFEE29D3296D00E91563 /* ContentComponent.swift */ = {isa = PBXFileReference; lastKnownFileType = sourcecode.swift; path = ContentComponent.swift; sourceTree = "<group>"; };
		0D71CFF129D329EA00E91563 /* AuthManager.swift */ = {isa = PBXFileReference; lastKnownFileType = sourcecode.swift; path = AuthManager.swift; sourceTree = "<group>"; };
		0D71D00929D32C0700E91563 /* User.swift */ = {isa = PBXFileReference; lastKnownFileType = sourcecode.swift; path = User.swift; sourceTree = "<group>"; };
		0D71D00B29D32C4500E91563 /* EmojiStyle.swift */ = {isa = PBXFileReference; lastKnownFileType = sourcecode.swift; path = EmojiStyle.swift; sourceTree = "<group>"; };
		0D71D00E29D32CD900E91563 /* Int+Su.swift */ = {isa = PBXFileReference; lastKnownFileType = sourcecode.swift; path = "Int+Su.swift"; sourceTree = "<group>"; };
		0D71D01029D32CF700E91563 /* Double+Su.swift */ = {isa = PBXFileReference; lastKnownFileType = sourcecode.swift; path = "Double+Su.swift"; sourceTree = "<group>"; };
		0D71D01729D3337500E91563 /* RouteScreen.swift */ = {isa = PBXFileReference; lastKnownFileType = sourcecode.swift; path = RouteScreen.swift; sourceTree = "<group>"; };
		0D71D01B29D335AB00E91563 /* FirstView.swift */ = {isa = PBXFileReference; lastKnownFileType = sourcecode.swift; path = FirstView.swift; sourceTree = "<group>"; };
		6E01934629D6101600C16658 /* TopicsCardComponent.swift */ = {isa = PBXFileReference; lastKnownFileType = sourcecode.swift; path = TopicsCardComponent.swift; sourceTree = "<group>"; };
		6E01934829D61D6F00C16658 /* TopicsBoardComponent.swift */ = {isa = PBXFileReference; lastKnownFileType = sourcecode.swift; path = TopicsBoardComponent.swift; sourceTree = "<group>"; };
		C03920BE29D8673D00F34B48 /* EyetrackingComponent.swift */ = {isa = PBXFileReference; lastKnownFileType = sourcecode.swift; path = EyetrackingComponent.swift; sourceTree = "<group>"; };
		C03920C029D867A000F34B48 /* EyetrackingStyle.swift */ = {isa = PBXFileReference; lastKnownFileType = sourcecode.swift; path = EyetrackingStyle.swift; sourceTree = "<group>"; };
		C03920C229D86C1100F34B48 /* RoomCreatedPopupComponent.swift */ = {isa = PBXFileReference; lastKnownFileType = sourcecode.swift; path = RoomCreatedPopupComponent.swift; sourceTree = "<group>"; };
		C046A47629D624030006B7D8 /* CameraStyle.swift */ = {isa = PBXFileReference; lastKnownFileType = sourcecode.swift; path = CameraStyle.swift; sourceTree = "<group>"; };
		C046A47829D624870006B7D8 /* KeycapStyle.swift */ = {isa = PBXFileReference; lastKnownFileType = sourcecode.swift; path = KeycapStyle.swift; sourceTree = "<group>"; };
		C046A47A29D624AF0006B7D8 /* ChatStyle.swift */ = {isa = PBXFileReference; lastKnownFileType = sourcecode.swift; path = ChatStyle.swift; sourceTree = "<group>"; };
		C046A47C29D624E80006B7D8 /* ButtonStyle.swift */ = {isa = PBXFileReference; lastKnownFileType = sourcecode.swift; path = ButtonStyle.swift; sourceTree = "<group>"; };
		C09CDA7D29D36BFB006C60BB /* EyeButtonComponent.swift */ = {isa = PBXFileReference; lastKnownFileType = sourcecode.swift; path = EyeButtonComponent.swift; sourceTree = "<group>"; };
		C09CDA7F29D476AD006C60BB /* CameraDisplayComponent.swift */ = {isa = PBXFileReference; lastKnownFileType = sourcecode.swift; path = CameraDisplayComponent.swift; sourceTree = "<group>"; };
		C09CDA8129D4AE00006C60BB /* ReactionsComponent.swift */ = {isa = PBXFileReference; lastKnownFileType = sourcecode.swift; path = ReactionsComponent.swift; sourceTree = "<group>"; };
		C09CDA8529D4C4C5006C60BB /* KeyboardReactionsComponent.swift */ = {isa = PBXFileReference; lastKnownFileType = sourcecode.swift; path = KeyboardReactionsComponent.swift; sourceTree = "<group>"; };
		C09CDA8F29D5BA05006C60BB /* HomeView.swift */ = {isa = PBXFileReference; lastKnownFileType = sourcecode.swift; path = HomeView.swift; sourceTree = "<group>"; };
		C09CDA9029D5BA05006C60BB /* HomeViewModel.swift */ = {isa = PBXFileReference; lastKnownFileType = sourcecode.swift; path = HomeViewModel.swift; sourceTree = "<group>"; };
		C09CDA9129D5BA05006C60BB /* Home.swift */ = {isa = PBXFileReference; lastKnownFileType = sourcecode.swift; path = Home.swift; sourceTree = "<group>"; };
		C09CDA9529D5C7D2006C60BB /* FullKeyboardComponent.swift */ = {isa = PBXFileReference; lastKnownFileType = sourcecode.swift; path = FullKeyboardComponent.swift; sourceTree = "<group>"; };
		C09CDA9729D5C828006C60BB /* KeycapsComponent.swift */ = {isa = PBXFileReference; lastKnownFileType = sourcecode.swift; path = KeycapsComponent.swift; sourceTree = "<group>"; };
		C09CDA9929D5CECE006C60BB /* DeleteKeycapComponent.swift */ = {isa = PBXFileReference; lastKnownFileType = sourcecode.swift; path = DeleteKeycapComponent.swift; sourceTree = "<group>"; };
		C09CDA9B29D5CEDC006C60BB /* SpaceKeycapComponent.swift */ = {isa = PBXFileReference; lastKnownFileType = sourcecode.swift; path = SpaceKeycapComponent.swift; sourceTree = "<group>"; };
		C09CDA9D29D5CF11006C60BB /* CreateRoomComponent.swift */ = {isa = PBXFileReference; lastKnownFileType = sourcecode.swift; path = CreateRoomComponent.swift; sourceTree = "<group>"; };
		C09CDA9F29D5FD8A006C60BB /* PartialKeyboardComponent.swift */ = {isa = PBXFileReference; lastKnownFileType = sourcecode.swift; path = PartialKeyboardComponent.swift; sourceTree = "<group>"; };
		C09CDAA129D6064C006C60BB /* ArrowComponent.swift */ = {isa = PBXFileReference; lastKnownFileType = sourcecode.swift; path = ArrowComponent.swift; sourceTree = "<group>"; };
		C09CDAA529D608A0006C60BB /* PrintKeycapComponent.swift */ = {isa = PBXFileReference; lastKnownFileType = sourcecode.swift; path = PrintKeycapComponent.swift; sourceTree = "<group>"; };
		C0B79AB629D74E4C002B3210 /* CreateRoomView.swift */ = {isa = PBXFileReference; lastKnownFileType = sourcecode.swift; path = CreateRoomView.swift; sourceTree = "<group>"; };
		C0B79AB729D74E4C002B3210 /* CreateRoomViewModel.swift */ = {isa = PBXFileReference; lastKnownFileType = sourcecode.swift; path = CreateRoomViewModel.swift; sourceTree = "<group>"; };
		C0B79AB829D74E4C002B3210 /* CreateRoom.swift */ = {isa = PBXFileReference; lastKnownFileType = sourcecode.swift; path = CreateRoom.swift; sourceTree = "<group>"; };
		C0F5532629DB2BFB00DB4F7B /* RoundedCorners.swift */ = {isa = PBXFileReference; lastKnownFileType = sourcecode.swift; path = RoundedCorners.swift; sourceTree = "<group>"; };
/* End PBXFileReference section */

/* Begin PBXFrameworksBuildPhase section */
		0D71CFA829D324C300E91563 /* Frameworks */ = {
			isa = PBXFrameworksBuildPhase;
			buildActionMask = 2147483647;
			files = (
			);
			runOnlyForDeploymentPostprocessing = 0;
		};
		0D71CFBD29D324C400E91563 /* Frameworks */ = {
			isa = PBXFrameworksBuildPhase;
			buildActionMask = 2147483647;
			files = (
			);
			runOnlyForDeploymentPostprocessing = 0;
		};
		0D71CFC729D324C400E91563 /* Frameworks */ = {
			isa = PBXFrameworksBuildPhase;
			buildActionMask = 2147483647;
			files = (
			);
			runOnlyForDeploymentPostprocessing = 0;
		};
/* End PBXFrameworksBuildPhase section */

/* Begin PBXGroup section */
		0D71CFA229D324C300E91563 = {
			isa = PBXGroup;
			children = (
				0D71CFAD29D324C300E91563 /* eye-chat */,
				0D71CFC329D324C400E91563 /* eye-chatTests */,
				0D71CFCD29D324C400E91563 /* eye-chatUITests */,
				0D71CFAC29D324C300E91563 /* Products */,
			);
			sourceTree = "<group>";
		};
		0D71CFAC29D324C300E91563 /* Products */ = {
			isa = PBXGroup;
			children = (
				0D71CFAB29D324C300E91563 /* eye-chat.app */,
				0D71CFC029D324C400E91563 /* eye-chatTests.xctest */,
				0D71CFCA29D324C400E91563 /* eye-chatUITests.xctest */,
			);
			name = Products;
			sourceTree = "<group>";
		};
		0D71CFAD29D324C300E91563 /* eye-chat */ = {
			isa = PBXGroup;
			children = (
				0D71D01629D32E4500E91563 /* Navigation */,
				0D71CFF429D32A3900E91563 /* UI */,
				0D71CFF029D329C700E91563 /* Manager */,
				0D71CFE029D3276800E91563 /* Constants */,
				0D71CFDD29D3273900E91563 /* Entities */,
				0D71CFAE29D324C300E91563 /* eye_chatApp.swift */,
				0D71CFB029D324C300E91563 /* ContentView.swift */,
				0D71CFB229D324C400E91563 /* Assets.xcassets */,
				0D71CFB729D324C400E91563 /* Persistence.swift */,
				0D71CFB929D324C400E91563 /* eye_chat.xcdatamodeld */,
				0D71CFB429D324C400E91563 /* Preview Content */,
				0D71D01B29D335AB00E91563 /* FirstView.swift */,
			);
			path = "eye-chat";
			sourceTree = "<group>";
		};
		0D71CFB429D324C400E91563 /* Preview Content */ = {
			isa = PBXGroup;
			children = (
				0D71CFB529D324C400E91563 /* Preview Assets.xcassets */,
			);
			path = "Preview Content";
			sourceTree = "<group>";
		};
		0D71CFC329D324C400E91563 /* eye-chatTests */ = {
			isa = PBXGroup;
			children = (
				0D71CFC429D324C400E91563 /* eye_chatTests.swift */,
			);
			path = "eye-chatTests";
			sourceTree = "<group>";
		};
		0D71CFCD29D324C400E91563 /* eye-chatUITests */ = {
			isa = PBXGroup;
			children = (
				0D71CFCE29D324C400E91563 /* eye_chatUITests.swift */,
				0D71CFD029D324C400E91563 /* eye_chatUITestsLaunchTests.swift */,
			);
			path = "eye-chatUITests";
			sourceTree = "<group>";
		};
		0D71CFDD29D3273900E91563 /* Entities */ = {
			isa = PBXGroup;
			children = (
				0D71D00929D32C0700E91563 /* User.swift */,
			);
			path = Entities;
			sourceTree = "<group>";
		};
		0D71CFE029D3276800E91563 /* Constants */ = {
			isa = PBXGroup;
			children = (
				0D71CFEA29D3291400E91563 /* ImageAsset.swift */,
				0D71CFEC29D3294E00E91563 /* ColorAsset.swift */,
				0D71CFEE29D3296D00E91563 /* ContentComponent.swift */,
			);
			path = Constants;
			sourceTree = "<group>";
		};
		0D71CFF029D329C700E91563 /* Manager */ = {
			isa = PBXGroup;
			children = (
				0D71CFF129D329EA00E91563 /* AuthManager.swift */,
			);
			path = Manager;
			sourceTree = "<group>";
		};
		0D71CFF429D32A3900E91563 /* UI */ = {
			isa = PBXGroup;
			children = (
				0D71D01329D32D5D00E91563 /* Components */,
				0D71CFF829D32A8400E91563 /* Enum */,
				0D71CFF729D32A7500E91563 /* Modules */,
				0D71CFF629D32A5C00E91563 /* Extensions */,
			);
			path = UI;
			sourceTree = "<group>";
		};
		0D71CFF629D32A5C00E91563 /* Extensions */ = {
			isa = PBXGroup;
			children = (
				0D71D00D29D32C5600E91563 /* Dimension */,
			);
			path = Extensions;
			sourceTree = "<group>";
		};
		0D71CFF729D32A7500E91563 /* Modules */ = {
			isa = PBXGroup;
			children = (
				C0B79AB529D74E26002B3210 /* Create Room */,
				C09CDA8E29D5B9ED006C60BB /* Home */,
			);
			path = Modules;
			sourceTree = "<group>";
		};
		0D71CFF829D32A8400E91563 /* Enum */ = {
			isa = PBXGroup;
			children = (
				0D71D00B29D32C4500E91563 /* EmojiStyle.swift */,
				C046A47629D624030006B7D8 /* CameraStyle.swift */,
				C046A47829D624870006B7D8 /* KeycapStyle.swift */,
				C046A47A29D624AF0006B7D8 /* ChatStyle.swift */,
				C046A47C29D624E80006B7D8 /* ButtonStyle.swift */,
				C03920C029D867A000F34B48 /* EyetrackingStyle.swift */,
			);
			path = Enum;
			sourceTree = "<group>";
		};
		0D71D00D29D32C5600E91563 /* Dimension */ = {
			isa = PBXGroup;
			children = (
				0D71D00E29D32CD900E91563 /* Int+Su.swift */,
				0D71D01029D32CF700E91563 /* Double+Su.swift */,
				C0F5532629DB2BFB00DB4F7B /* RoundedCorners.swift */,
			);
			path = Dimension;
			sourceTree = "<group>";
		};
		0D71D01329D32D5D00E91563 /* Components */ = {
			isa = PBXGroup;
			children = (
				0D71D01429D32D8700E91563 /* ExampleComponent.swift */,
				6E01934629D6101600C16658 /* TopicsCardComponent.swift */,
				6E01934829D61D6F00C16658 /* TopicsBoardComponent.swift */,
				C09CDA7D29D36BFB006C60BB /* EyeButtonComponent.swift */,
				C09CDA7F29D476AD006C60BB /* CameraDisplayComponent.swift */,
				C09CDA8129D4AE00006C60BB /* ReactionsComponent.swift */,
				C09CDA8529D4C4C5006C60BB /* KeyboardReactionsComponent.swift */,
				C09CDA9529D5C7D2006C60BB /* FullKeyboardComponent.swift */,
				C09CDA9729D5C828006C60BB /* KeycapsComponent.swift */,
				C09CDA9929D5CECE006C60BB /* DeleteKeycapComponent.swift */,
				C09CDA9B29D5CEDC006C60BB /* SpaceKeycapComponent.swift */,
				C09CDA9D29D5CF11006C60BB /* CreateRoomComponent.swift */,
				C09CDA9F29D5FD8A006C60BB /* PartialKeyboardComponent.swift */,
				C09CDAA129D6064C006C60BB /* ArrowComponent.swift */,
				C09CDAA529D608A0006C60BB /* PrintKeycapComponent.swift */,
				C03920BE29D8673D00F34B48 /* EyetrackingComponent.swift */,
				C03920C229D86C1100F34B48 /* RoomCreatedPopupComponent.swift */,
			);
			path = Components;
			sourceTree = "<group>";
		};
		0D71D01629D32E4500E91563 /* Navigation */ = {
			isa = PBXGroup;
			children = (
				0D71D01729D3337500E91563 /* RouteScreen.swift */,
			);
			path = Navigation;
			sourceTree = "<group>";
		};
		C09CDA8E29D5B9ED006C60BB /* Home */ = {
			isa = PBXGroup;
			children = (
				C09CDA8F29D5BA05006C60BB /* HomeView.swift */,
				C09CDA9029D5BA05006C60BB /* HomeViewModel.swift */,
				C09CDA9129D5BA05006C60BB /* Home.swift */,
			);
			path = Home;
			sourceTree = "<group>";
		};
		C0B79AB529D74E26002B3210 /* Create Room */ = {
			isa = PBXGroup;
			children = (
				C0B79AB629D74E4C002B3210 /* CreateRoomView.swift */,
				C0B79AB729D74E4C002B3210 /* CreateRoomViewModel.swift */,
				C0B79AB829D74E4C002B3210 /* CreateRoom.swift */,
			);
			path = "Create Room";
			sourceTree = "<group>";
		};
/* End PBXGroup section */

/* Begin PBXNativeTarget section */
		0D71CFAA29D324C300E91563 /* eye-chat */ = {
			isa = PBXNativeTarget;
			buildConfigurationList = 0D71CFD429D324C400E91563 /* Build configuration list for PBXNativeTarget "eye-chat" */;
			buildPhases = (
				0D71CFA729D324C300E91563 /* Sources */,
				0D71CFA829D324C300E91563 /* Frameworks */,
				0D71CFA929D324C300E91563 /* Resources */,
			);
			buildRules = (
			);
			dependencies = (
			);
			name = "eye-chat";
			packageProductDependencies = (
			);
			productName = "eye-chat";
			productReference = 0D71CFAB29D324C300E91563 /* eye-chat.app */;
			productType = "com.apple.product-type.application";
		};
		0D71CFBF29D324C400E91563 /* eye-chatTests */ = {
			isa = PBXNativeTarget;
			buildConfigurationList = 0D71CFD729D324C400E91563 /* Build configuration list for PBXNativeTarget "eye-chatTests" */;
			buildPhases = (
				0D71CFBC29D324C400E91563 /* Sources */,
				0D71CFBD29D324C400E91563 /* Frameworks */,
				0D71CFBE29D324C400E91563 /* Resources */,
			);
			buildRules = (
			);
			dependencies = (
				0D71CFC229D324C400E91563 /* PBXTargetDependency */,
			);
			name = "eye-chatTests";
			productName = "eye-chatTests";
			productReference = 0D71CFC029D324C400E91563 /* eye-chatTests.xctest */;
			productType = "com.apple.product-type.bundle.unit-test";
		};
		0D71CFC929D324C400E91563 /* eye-chatUITests */ = {
			isa = PBXNativeTarget;
			buildConfigurationList = 0D71CFDA29D324C400E91563 /* Build configuration list for PBXNativeTarget "eye-chatUITests" */;
			buildPhases = (
				0D71CFC629D324C400E91563 /* Sources */,
				0D71CFC729D324C400E91563 /* Frameworks */,
				0D71CFC829D324C400E91563 /* Resources */,
			);
			buildRules = (
			);
			dependencies = (
				0D71CFCC29D324C400E91563 /* PBXTargetDependency */,
			);
			name = "eye-chatUITests";
			productName = "eye-chatUITests";
			productReference = 0D71CFCA29D324C400E91563 /* eye-chatUITests.xctest */;
			productType = "com.apple.product-type.bundle.ui-testing";
		};
/* End PBXNativeTarget section */

/* Begin PBXProject section */
		0D71CFA329D324C300E91563 /* Project object */ = {
			isa = PBXProject;
			attributes = {
				BuildIndependentTargetsInParallel = 1;
				LastSwiftUpdateCheck = 1420;
				LastUpgradeCheck = 1420;
				TargetAttributes = {
					0D71CFAA29D324C300E91563 = {
						CreatedOnToolsVersion = 14.2;
					};
					0D71CFBF29D324C400E91563 = {
						CreatedOnToolsVersion = 14.2;
						TestTargetID = 0D71CFAA29D324C300E91563;
					};
					0D71CFC929D324C400E91563 = {
						CreatedOnToolsVersion = 14.2;
						TestTargetID = 0D71CFAA29D324C300E91563;
					};
				};
			};
			buildConfigurationList = 0D71CFA629D324C300E91563 /* Build configuration list for PBXProject "eye-chat" */;
			compatibilityVersion = "Xcode 14.0";
			developmentRegion = en;
			hasScannedForEncodings = 0;
			knownRegions = (
				en,
				Base,
			);
			mainGroup = 0D71CFA229D324C300E91563;
			packageReferences = (
			);
			productRefGroup = 0D71CFAC29D324C300E91563 /* Products */;
			projectDirPath = "";
			projectRoot = "";
			targets = (
				0D71CFAA29D324C300E91563 /* eye-chat */,
				0D71CFBF29D324C400E91563 /* eye-chatTests */,
				0D71CFC929D324C400E91563 /* eye-chatUITests */,
			);
		};
/* End PBXProject section */

/* Begin PBXResourcesBuildPhase section */
		0D71CFA929D324C300E91563 /* Resources */ = {
			isa = PBXResourcesBuildPhase;
			buildActionMask = 2147483647;
			files = (
				0D71CFB629D324C400E91563 /* Preview Assets.xcassets in Resources */,
				0D71CFB329D324C400E91563 /* Assets.xcassets in Resources */,
			);
			runOnlyForDeploymentPostprocessing = 0;
		};
		0D71CFBE29D324C400E91563 /* Resources */ = {
			isa = PBXResourcesBuildPhase;
			buildActionMask = 2147483647;
			files = (
			);
			runOnlyForDeploymentPostprocessing = 0;
		};
		0D71CFC829D324C400E91563 /* Resources */ = {
			isa = PBXResourcesBuildPhase;
			buildActionMask = 2147483647;
			files = (
			);
			runOnlyForDeploymentPostprocessing = 0;
		};
/* End PBXResourcesBuildPhase section */

/* Begin PBXSourcesBuildPhase section */
		0D71CFA729D324C300E91563 /* Sources */ = {
			isa = PBXSourcesBuildPhase;
			buildActionMask = 2147483647;
			files = (
				C09CDA8029D476AD006C60BB /* CameraDisplayComponent.swift in Sources */,
				0D71CFEB29D3291400E91563 /* ImageAsset.swift in Sources */,
				C09CDAA029D5FD8A006C60BB /* PartialKeyboardComponent.swift in Sources */,
				0D71CFF229D329EA00E91563 /* AuthManager.swift in Sources */,
				C046A47729D624030006B7D8 /* CameraStyle.swift in Sources */,
				C09CDA9E29D5CF11006C60BB /* CreateRoomComponent.swift in Sources */,
				C09CDA8629D4C4C5006C60BB /* KeyboardReactionsComponent.swift in Sources */,
				C0B79AB929D74E4C002B3210 /* CreateRoomView.swift in Sources */,
				C09CDA9C29D5CEDC006C60BB /* SpaceKeycapComponent.swift in Sources */,
				0D71CFB829D324C400E91563 /* Persistence.swift in Sources */,
				C046A47D29D624E80006B7D8 /* ButtonStyle.swift in Sources */,
				C09CDA7E29D36BFB006C60BB /* EyeButtonComponent.swift in Sources */,
				0D71D00C29D32C4500E91563 /* EmojiStyle.swift in Sources */,
				0D71CFED29D3294E00E91563 /* ColorAsset.swift in Sources */,
				0D71CFB129D324C300E91563 /* ContentView.swift in Sources */,
				6E01934929D61D6F00C16658 /* TopicsBoardComponent.swift in Sources */,
				C09CDAA229D6064C006C60BB /* ArrowComponent.swift in Sources */,
				0D71D01C29D335AB00E91563 /* FirstView.swift in Sources */,
				6E01934729D6101600C16658 /* TopicsCardComponent.swift in Sources */,
				0D71D01129D32CF700E91563 /* Double+Su.swift in Sources */,
				C03920C329D86C1100F34B48 /* RoomCreatedPopupComponent.swift in Sources */,
				0D71CFAF29D324C300E91563 /* eye_chatApp.swift in Sources */,
				C0F5532729DB2BFB00DB4F7B /* RoundedCorners.swift in Sources */,
				0D71CFBB29D324C400E91563 /* eye_chat.xcdatamodeld in Sources */,
				C03920C129D867A000F34B48 /* EyetrackingStyle.swift in Sources */,
				0D71D01829D3337500E91563 /* RouteScreen.swift in Sources */,
				0D71D00F29D32CD900E91563 /* Int+Su.swift in Sources */,
				C03920BF29D8673D00F34B48 /* EyetrackingComponent.swift in Sources */,
				C09CDA8229D4AE00006C60BB /* ReactionsComponent.swift in Sources */,
				C09CDAA629D608A0006C60BB /* PrintKeycapComponent.swift in Sources */,
				C0B79ABA29D74E4C002B3210 /* CreateRoomViewModel.swift in Sources */,
				C046A47929D624870006B7D8 /* KeycapStyle.swift in Sources */,
				0D71D00A29D32C0700E91563 /* User.swift in Sources */,
				C09CDA9329D5BA05006C60BB /* HomeViewModel.swift in Sources */,
				0D71CFEF29D3296D00E91563 /* ContentComponent.swift in Sources */,
				C09CDA9429D5BA05006C60BB /* Home.swift in Sources */,
				C046A47B29D624AF0006B7D8 /* ChatStyle.swift in Sources */,
				C09CDA9629D5C7D2006C60BB /* FullKeyboardComponent.swift in Sources */,
				C0B79ABB29D74E4C002B3210 /* CreateRoom.swift in Sources */,
				C09CDA9829D5C828006C60BB /* KeycapsComponent.swift in Sources */,
				C09CDA9A29D5CECE006C60BB /* DeleteKeycapComponent.swift in Sources */,
				C09CDA9229D5BA05006C60BB /* HomeView.swift in Sources */,
			);
			runOnlyForDeploymentPostprocessing = 0;
		};
		0D71CFBC29D324C400E91563 /* Sources */ = {
			isa = PBXSourcesBuildPhase;
			buildActionMask = 2147483647;
			files = (
				0D71CFC529D324C400E91563 /* eye_chatTests.swift in Sources */,
			);
			runOnlyForDeploymentPostprocessing = 0;
		};
		0D71CFC629D324C400E91563 /* Sources */ = {
			isa = PBXSourcesBuildPhase;
			buildActionMask = 2147483647;
			files = (
				0D71CFD129D324C400E91563 /* eye_chatUITestsLaunchTests.swift in Sources */,
				0D71CFCF29D324C400E91563 /* eye_chatUITests.swift in Sources */,
			);
			runOnlyForDeploymentPostprocessing = 0;
		};
/* End PBXSourcesBuildPhase section */

/* Begin PBXTargetDependency section */
		0D71CFC229D324C400E91563 /* PBXTargetDependency */ = {
			isa = PBXTargetDependency;
			target = 0D71CFAA29D324C300E91563 /* eye-chat */;
			targetProxy = 0D71CFC129D324C400E91563 /* PBXContainerItemProxy */;
		};
		0D71CFCC29D324C400E91563 /* PBXTargetDependency */ = {
			isa = PBXTargetDependency;
			target = 0D71CFAA29D324C300E91563 /* eye-chat */;
			targetProxy = 0D71CFCB29D324C400E91563 /* PBXContainerItemProxy */;
		};
/* End PBXTargetDependency section */

/* Begin XCBuildConfiguration section */
		0D71CFD229D324C400E91563 /* Debug */ = {
			isa = XCBuildConfiguration;
			buildSettings = {
				ALWAYS_SEARCH_USER_PATHS = NO;
				CLANG_ANALYZER_NONNULL = YES;
				CLANG_ANALYZER_NUMBER_OBJECT_CONVERSION = YES_AGGRESSIVE;
				CLANG_CXX_LANGUAGE_STANDARD = "gnu++20";
				CLANG_ENABLE_MODULES = YES;
				CLANG_ENABLE_OBJC_ARC = YES;
				CLANG_ENABLE_OBJC_WEAK = YES;
				CLANG_WARN_BLOCK_CAPTURE_AUTORELEASING = YES;
				CLANG_WARN_BOOL_CONVERSION = YES;
				CLANG_WARN_COMMA = YES;
				CLANG_WARN_CONSTANT_CONVERSION = YES;
				CLANG_WARN_DEPRECATED_OBJC_IMPLEMENTATIONS = YES;
				CLANG_WARN_DIRECT_OBJC_ISA_USAGE = YES_ERROR;
				CLANG_WARN_DOCUMENTATION_COMMENTS = YES;
				CLANG_WARN_EMPTY_BODY = YES;
				CLANG_WARN_ENUM_CONVERSION = YES;
				CLANG_WARN_INFINITE_RECURSION = YES;
				CLANG_WARN_INT_CONVERSION = YES;
				CLANG_WARN_NON_LITERAL_NULL_CONVERSION = YES;
				CLANG_WARN_OBJC_IMPLICIT_RETAIN_SELF = YES;
				CLANG_WARN_OBJC_LITERAL_CONVERSION = YES;
				CLANG_WARN_OBJC_ROOT_CLASS = YES_ERROR;
				CLANG_WARN_QUOTED_INCLUDE_IN_FRAMEWORK_HEADER = YES;
				CLANG_WARN_RANGE_LOOP_ANALYSIS = YES;
				CLANG_WARN_STRICT_PROTOTYPES = YES;
				CLANG_WARN_SUSPICIOUS_MOVE = YES;
				CLANG_WARN_UNGUARDED_AVAILABILITY = YES_AGGRESSIVE;
				CLANG_WARN_UNREACHABLE_CODE = YES;
				CLANG_WARN__DUPLICATE_METHOD_MATCH = YES;
				COPY_PHASE_STRIP = NO;
				DEBUG_INFORMATION_FORMAT = dwarf;
				ENABLE_STRICT_OBJC_MSGSEND = YES;
				ENABLE_TESTABILITY = YES;
				GCC_C_LANGUAGE_STANDARD = gnu11;
				GCC_DYNAMIC_NO_PIC = NO;
				GCC_NO_COMMON_BLOCKS = YES;
				GCC_OPTIMIZATION_LEVEL = 0;
				GCC_PREPROCESSOR_DEFINITIONS = (
					"DEBUG=1",
					"$(inherited)",
				);
				GCC_WARN_64_TO_32_BIT_CONVERSION = YES;
				GCC_WARN_ABOUT_RETURN_TYPE = YES_ERROR;
				GCC_WARN_UNDECLARED_SELECTOR = YES;
				GCC_WARN_UNINITIALIZED_AUTOS = YES_AGGRESSIVE;
				GCC_WARN_UNUSED_FUNCTION = YES;
				GCC_WARN_UNUSED_VARIABLE = YES;
				IPHONEOS_DEPLOYMENT_TARGET = 16.2;
				MTL_ENABLE_DEBUG_INFO = INCLUDE_SOURCE;
				MTL_FAST_MATH = YES;
				ONLY_ACTIVE_ARCH = YES;
				SDKROOT = iphoneos;
				SWIFT_ACTIVE_COMPILATION_CONDITIONS = DEBUG;
				SWIFT_OPTIMIZATION_LEVEL = "-Onone";
			};
			name = Debug;
		};
		0D71CFD329D324C400E91563 /* Release */ = {
			isa = XCBuildConfiguration;
			buildSettings = {
				ALWAYS_SEARCH_USER_PATHS = NO;
				CLANG_ANALYZER_NONNULL = YES;
				CLANG_ANALYZER_NUMBER_OBJECT_CONVERSION = YES_AGGRESSIVE;
				CLANG_CXX_LANGUAGE_STANDARD = "gnu++20";
				CLANG_ENABLE_MODULES = YES;
				CLANG_ENABLE_OBJC_ARC = YES;
				CLANG_ENABLE_OBJC_WEAK = YES;
				CLANG_WARN_BLOCK_CAPTURE_AUTORELEASING = YES;
				CLANG_WARN_BOOL_CONVERSION = YES;
				CLANG_WARN_COMMA = YES;
				CLANG_WARN_CONSTANT_CONVERSION = YES;
				CLANG_WARN_DEPRECATED_OBJC_IMPLEMENTATIONS = YES;
				CLANG_WARN_DIRECT_OBJC_ISA_USAGE = YES_ERROR;
				CLANG_WARN_DOCUMENTATION_COMMENTS = YES;
				CLANG_WARN_EMPTY_BODY = YES;
				CLANG_WARN_ENUM_CONVERSION = YES;
				CLANG_WARN_INFINITE_RECURSION = YES;
				CLANG_WARN_INT_CONVERSION = YES;
				CLANG_WARN_NON_LITERAL_NULL_CONVERSION = YES;
				CLANG_WARN_OBJC_IMPLICIT_RETAIN_SELF = YES;
				CLANG_WARN_OBJC_LITERAL_CONVERSION = YES;
				CLANG_WARN_OBJC_ROOT_CLASS = YES_ERROR;
				CLANG_WARN_QUOTED_INCLUDE_IN_FRAMEWORK_HEADER = YES;
				CLANG_WARN_RANGE_LOOP_ANALYSIS = YES;
				CLANG_WARN_STRICT_PROTOTYPES = YES;
				CLANG_WARN_SUSPICIOUS_MOVE = YES;
				CLANG_WARN_UNGUARDED_AVAILABILITY = YES_AGGRESSIVE;
				CLANG_WARN_UNREACHABLE_CODE = YES;
				CLANG_WARN__DUPLICATE_METHOD_MATCH = YES;
				COPY_PHASE_STRIP = NO;
				DEBUG_INFORMATION_FORMAT = "dwarf-with-dsym";
				ENABLE_NS_ASSERTIONS = NO;
				ENABLE_STRICT_OBJC_MSGSEND = YES;
				GCC_C_LANGUAGE_STANDARD = gnu11;
				GCC_NO_COMMON_BLOCKS = YES;
				GCC_WARN_64_TO_32_BIT_CONVERSION = YES;
				GCC_WARN_ABOUT_RETURN_TYPE = YES_ERROR;
				GCC_WARN_UNDECLARED_SELECTOR = YES;
				GCC_WARN_UNINITIALIZED_AUTOS = YES_AGGRESSIVE;
				GCC_WARN_UNUSED_FUNCTION = YES;
				GCC_WARN_UNUSED_VARIABLE = YES;
				IPHONEOS_DEPLOYMENT_TARGET = 16.2;
				MTL_ENABLE_DEBUG_INFO = NO;
				MTL_FAST_MATH = YES;
				SDKROOT = iphoneos;
				SWIFT_COMPILATION_MODE = wholemodule;
				SWIFT_OPTIMIZATION_LEVEL = "-O";
				VALIDATE_PRODUCT = YES;
			};
			name = Release;
		};
		0D71CFD529D324C400E91563 /* Debug */ = {
			isa = XCBuildConfiguration;
			buildSettings = {
				ASSETCATALOG_COMPILER_APPICON_NAME = AppIcon;
				ASSETCATALOG_COMPILER_GLOBAL_ACCENT_COLOR_NAME = AccentColor;
				CODE_SIGN_STYLE = Automatic;
				CURRENT_PROJECT_VERSION = 1;
				DEVELOPMENT_ASSET_PATHS = "\"eye-chat/Preview Content\"";
				DEVELOPMENT_TEAM = 4UVYB4V5UN;
				ENABLE_PREVIEWS = YES;
				GENERATE_INFOPLIST_FILE = YES;
				INFOPLIST_KEY_UIApplicationSceneManifest_Generation = YES;
				INFOPLIST_KEY_UIApplicationSupportsIndirectInputEvents = YES;
				INFOPLIST_KEY_UILaunchScreen_Generation = YES;
				INFOPLIST_KEY_UISupportedInterfaceOrientations_iPad = "UIInterfaceOrientationPortrait UIInterfaceOrientationPortraitUpsideDown UIInterfaceOrientationLandscapeLeft UIInterfaceOrientationLandscapeRight";
				INFOPLIST_KEY_UISupportedInterfaceOrientations_iPhone = "UIInterfaceOrientationPortrait UIInterfaceOrientationLandscapeLeft UIInterfaceOrientationLandscapeRight";
				LD_RUNPATH_SEARCH_PATHS = (
					"$(inherited)",
					"@executable_path/Frameworks",
				);
				MARKETING_VERSION = 1.0;
				PRODUCT_BUNDLE_IDENTIFIER = "br.ufpe.cin.academy.apfd.eye-chat";
				PRODUCT_NAME = "$(TARGET_NAME)";
				SWIFT_EMIT_LOC_STRINGS = YES;
				SWIFT_VERSION = 5.0;
				TARGETED_DEVICE_FAMILY = "1,2";
			};
			name = Debug;
		};
		0D71CFD629D324C400E91563 /* Release */ = {
			isa = XCBuildConfiguration;
			buildSettings = {
				ASSETCATALOG_COMPILER_APPICON_NAME = AppIcon;
				ASSETCATALOG_COMPILER_GLOBAL_ACCENT_COLOR_NAME = AccentColor;
				CODE_SIGN_STYLE = Automatic;
				CURRENT_PROJECT_VERSION = 1;
				DEVELOPMENT_ASSET_PATHS = "\"eye-chat/Preview Content\"";
				DEVELOPMENT_TEAM = 4UVYB4V5UN;
				ENABLE_PREVIEWS = YES;
				GENERATE_INFOPLIST_FILE = YES;
				INFOPLIST_KEY_UIApplicationSceneManifest_Generation = YES;
				INFOPLIST_KEY_UIApplicationSupportsIndirectInputEvents = YES;
				INFOPLIST_KEY_UILaunchScreen_Generation = YES;
				INFOPLIST_KEY_UISupportedInterfaceOrientations_iPad = "UIInterfaceOrientationPortrait UIInterfaceOrientationPortraitUpsideDown UIInterfaceOrientationLandscapeLeft UIInterfaceOrientationLandscapeRight";
				INFOPLIST_KEY_UISupportedInterfaceOrientations_iPhone = "UIInterfaceOrientationPortrait UIInterfaceOrientationLandscapeLeft UIInterfaceOrientationLandscapeRight";
				LD_RUNPATH_SEARCH_PATHS = (
					"$(inherited)",
					"@executable_path/Frameworks",
				);
				MARKETING_VERSION = 1.0;
				PRODUCT_BUNDLE_IDENTIFIER = "br.ufpe.cin.academy.apfd.eye-chat";
				PRODUCT_NAME = "$(TARGET_NAME)";
				SWIFT_EMIT_LOC_STRINGS = YES;
				SWIFT_VERSION = 5.0;
				TARGETED_DEVICE_FAMILY = "1,2";
			};
			name = Release;
		};
		0D71CFD829D324C400E91563 /* Debug */ = {
			isa = XCBuildConfiguration;
			buildSettings = {
				ALWAYS_EMBED_SWIFT_STANDARD_LIBRARIES = YES;
				BUNDLE_LOADER = "$(TEST_HOST)";
				CODE_SIGN_STYLE = Automatic;
				CURRENT_PROJECT_VERSION = 1;
				DEVELOPMENT_TEAM = 4UVYB4V5UN;
				GENERATE_INFOPLIST_FILE = YES;
				IPHONEOS_DEPLOYMENT_TARGET = 16.2;
				MARKETING_VERSION = 1.0;
				PRODUCT_BUNDLE_IDENTIFIER = "br.ufpe.cin.academy.apfd.eye-chatTests";
				PRODUCT_NAME = "$(TARGET_NAME)";
				SWIFT_EMIT_LOC_STRINGS = NO;
				SWIFT_VERSION = 5.0;
				TARGETED_DEVICE_FAMILY = "1,2";
				TEST_HOST = "$(BUILT_PRODUCTS_DIR)/eye-chat.app/$(BUNDLE_EXECUTABLE_FOLDER_PATH)/eye-chat";
			};
			name = Debug;
		};
		0D71CFD929D324C400E91563 /* Release */ = {
			isa = XCBuildConfiguration;
			buildSettings = {
				ALWAYS_EMBED_SWIFT_STANDARD_LIBRARIES = YES;
				BUNDLE_LOADER = "$(TEST_HOST)";
				CODE_SIGN_STYLE = Automatic;
				CURRENT_PROJECT_VERSION = 1;
				DEVELOPMENT_TEAM = 4UVYB4V5UN;
				GENERATE_INFOPLIST_FILE = YES;
				IPHONEOS_DEPLOYMENT_TARGET = 16.2;
				MARKETING_VERSION = 1.0;
				PRODUCT_BUNDLE_IDENTIFIER = "br.ufpe.cin.academy.apfd.eye-chatTests";
				PRODUCT_NAME = "$(TARGET_NAME)";
				SWIFT_EMIT_LOC_STRINGS = NO;
				SWIFT_VERSION = 5.0;
				TARGETED_DEVICE_FAMILY = "1,2";
				TEST_HOST = "$(BUILT_PRODUCTS_DIR)/eye-chat.app/$(BUNDLE_EXECUTABLE_FOLDER_PATH)/eye-chat";
			};
			name = Release;
		};
		0D71CFDB29D324C400E91563 /* Debug */ = {
			isa = XCBuildConfiguration;
			buildSettings = {
				ALWAYS_EMBED_SWIFT_STANDARD_LIBRARIES = YES;
				CODE_SIGN_STYLE = Automatic;
				CURRENT_PROJECT_VERSION = 1;
				DEVELOPMENT_TEAM = 4UVYB4V5UN;
				GENERATE_INFOPLIST_FILE = YES;
				MARKETING_VERSION = 1.0;
				PRODUCT_BUNDLE_IDENTIFIER = "br.ufpe.cin.academy.apfd.eye-chatUITests";
				PRODUCT_NAME = "$(TARGET_NAME)";
				SWIFT_EMIT_LOC_STRINGS = NO;
				SWIFT_VERSION = 5.0;
				TARGETED_DEVICE_FAMILY = "1,2";
				TEST_TARGET_NAME = "eye-chat";
			};
			name = Debug;
		};
		0D71CFDC29D324C400E91563 /* Release */ = {
			isa = XCBuildConfiguration;
			buildSettings = {
				ALWAYS_EMBED_SWIFT_STANDARD_LIBRARIES = YES;
				CODE_SIGN_STYLE = Automatic;
				CURRENT_PROJECT_VERSION = 1;
				DEVELOPMENT_TEAM = 4UVYB4V5UN;
				GENERATE_INFOPLIST_FILE = YES;
				MARKETING_VERSION = 1.0;
				PRODUCT_BUNDLE_IDENTIFIER = "br.ufpe.cin.academy.apfd.eye-chatUITests";
				PRODUCT_NAME = "$(TARGET_NAME)";
				SWIFT_EMIT_LOC_STRINGS = NO;
				SWIFT_VERSION = 5.0;
				TARGETED_DEVICE_FAMILY = "1,2";
				TEST_TARGET_NAME = "eye-chat";
			};
			name = Release;
		};
/* End XCBuildConfiguration section */

/* Begin XCConfigurationList section */
		0D71CFA629D324C300E91563 /* Build configuration list for PBXProject "eye-chat" */ = {
			isa = XCConfigurationList;
			buildConfigurations = (
				0D71CFD229D324C400E91563 /* Debug */,
				0D71CFD329D324C400E91563 /* Release */,
			);
			defaultConfigurationIsVisible = 0;
			defaultConfigurationName = Release;
		};
		0D71CFD429D324C400E91563 /* Build configuration list for PBXNativeTarget "eye-chat" */ = {
			isa = XCConfigurationList;
			buildConfigurations = (
				0D71CFD529D324C400E91563 /* Debug */,
				0D71CFD629D324C400E91563 /* Release */,
			);
			defaultConfigurationIsVisible = 0;
			defaultConfigurationName = Release;
		};
		0D71CFD729D324C400E91563 /* Build configuration list for PBXNativeTarget "eye-chatTests" */ = {
			isa = XCConfigurationList;
			buildConfigurations = (
				0D71CFD829D324C400E91563 /* Debug */,
				0D71CFD929D324C400E91563 /* Release */,
			);
			defaultConfigurationIsVisible = 0;
			defaultConfigurationName = Release;
		};
		0D71CFDA29D324C400E91563 /* Build configuration list for PBXNativeTarget "eye-chatUITests" */ = {
			isa = XCConfigurationList;
			buildConfigurations = (
				0D71CFDB29D324C400E91563 /* Debug */,
				0D71CFDC29D324C400E91563 /* Release */,
			);
			defaultConfigurationIsVisible = 0;
			defaultConfigurationName = Release;
		};
/* End XCConfigurationList section */

/* Begin XCVersionGroup section */
		0D71CFB929D324C400E91563 /* eye_chat.xcdatamodeld */ = {
			isa = XCVersionGroup;
			children = (
				0D71CFBA29D324C400E91563 /* eye_chat.xcdatamodel */,
			);
			currentVersion = 0D71CFBA29D324C400E91563 /* eye_chat.xcdatamodel */;
			path = eye_chat.xcdatamodeld;
			sourceTree = "<group>";
			versionGroupType = wrapper.xcdatamodel;
		};
/* End XCVersionGroup section */
	};
	rootObject = 0D71CFA329D324C300E91563 /* Project object */;
}
